// !$*UTF8*$!
{
	archiveVersion = 1;
	classes = {
	};
	objectVersion = 45;
	objects = {

/* Begin PBXBuildFile section */
		02AC05532DA1579E7B5726E7 /* LoadMeshFromCollada.cpp in Sources */ = {isa = PBXBuildFile; fileRef = 77E8345D0709028E4833314C /* LoadMeshFromCollada.cpp */; };
		1046186D4D131E1642C40742 /* BulletMJCFImporter.cpp in Sources */ = {isa = PBXBuildFile; fileRef = 4DE041C9050A0B0D041B3A8D /* BulletMJCFImporter.cpp */; };
		1715732D20EF4B5362886873 /* b3ImportMeshUtility.cpp in Sources */ = {isa = PBXBuildFile; fileRef = 6EB3431939A84A2B01692530 /* b3ImportMeshUtility.cpp */; };
		55811F1C6CA420C170F6427E /* LoadMeshFromObj.cpp in Sources */ = {isa = PBXBuildFile; fileRef = 1FC761BB6A2406A565277066 /* LoadMeshFromObj.cpp */; };
		45474F097A69320169192890 /* Wavefront2GLInstanceGraphicsShape.cpp in Sources */ = {isa = PBXBuildFile; fileRef = 0F194064079C2AAB41C92816 /* Wavefront2GLInstanceGraphicsShape.cpp */; };
		6D6440B07C9D617036F26F09 /* BulletUrdfImporter.cpp in Sources */ = {isa = PBXBuildFile; fileRef = 77104008744B019C693C0C61 /* BulletUrdfImporter.cpp */; };
		20DC6C4876B16EB006D06553 /* MyMultiBodyCreator.cpp in Sources */ = {isa = PBXBuildFile; fileRef = 4E34715B1AC523CD128E5A4F /* MyMultiBodyCreator.cpp */; };
		132927141BC87B5929F67FF0 /* URDF2Bullet.cpp in Sources */ = {isa = PBXBuildFile; fileRef = 66DA214A13E74A8968987A3A /* URDF2Bullet.cpp */; };
		12A1160A108719642A37076F /* UrdfParser.cpp in Sources */ = {isa = PBXBuildFile; fileRef = 7046046329B32EE8344B61C6 /* UrdfParser.cpp */; };
		03EF416D7E524B8B48726CAF /* urdfStringSplit.cpp in Sources */ = {isa = PBXBuildFile; fileRef = 2E6D146E031E52806575167D /* urdfStringSplit.cpp */; };
		46BB546013BB6B66258963AD /* SimpleCamera.cpp in Sources */ = {isa = PBXBuildFile; fileRef = 499F6CC51E5A2B9A31D47966 /* SimpleCamera.cpp */; };
		03D461446A72684E7817404A /* IKTrajectoryHelper.cpp in Sources */ = {isa = PBXBuildFile; fileRef = 50276B9F323B738B3AB42071 /* IKTrajectoryHelper.cpp */; };
		4408031855A624291557210B /* PhysicsClient.cpp in Sources */ = {isa = PBXBuildFile; fileRef = 1DCC3FBF53F90E017B15513C /* PhysicsClient.cpp */; };
		7B13492674C34993667A0663 /* PhysicsClientC_API.cpp in Sources */ = {isa = PBXBuildFile; fileRef = 62263C7F71F537E955D32321 /* PhysicsClientC_API.cpp */; };
		758447866C1C4DAA7ADD50DC /* PhysicsClientSharedMemory.cpp in Sources */ = {isa = PBXBuildFile; fileRef = 07D13AE52D2F03E0260C68F2 /* PhysicsClientSharedMemory.cpp */; };
		52D155480BC809C1639D6D9E /* PhysicsLoopBack.cpp in Sources */ = {isa = PBXBuildFile; fileRef = 331D350703E965D84AB35C83 /* PhysicsLoopBack.cpp */; };
		11C45D8E524A19756F8B4E30 /* PhysicsLoopBackC_API.cpp in Sources */ = {isa = PBXBuildFile; fileRef = 2FB14B6243A0594D04B24861 /* PhysicsLoopBackC_API.cpp */; };
		50BB552C42D75CEC3B6C5BE9 /* PhysicsServer.cpp in Sources */ = {isa = PBXBuildFile; fileRef = 06B15D646D37404714585251 /* PhysicsServer.cpp */; };
		7A42424F52EE2CCE2F483F09 /* PhysicsServerCommandProcessor.cpp in Sources */ = {isa = PBXBuildFile; fileRef = 3DC572102D9805FA7E2C12B2 /* PhysicsServerCommandProcessor.cpp */; };
		6A6F2BC136003ED74A5F3B1B /* PhysicsServerSharedMemory.cpp in Sources */ = {isa = PBXBuildFile; fileRef = 0B77637F5DF27A2F3D730585 /* PhysicsServerSharedMemory.cpp */; };
		5FA8294431AF5BE74A6010D3 /* PosixSharedMemory.cpp in Sources */ = {isa = PBXBuildFile; fileRef = 1792116277F726573D6D7C61 /* PosixSharedMemory.cpp */; };
		7D536FE21F4E7A8A25586DE1 /* TinyRendererVisualShapeConverter.cpp in Sources */ = {isa = PBXBuildFile; fileRef = 4CFA3EE566F235FD30B8177C /* TinyRendererVisualShapeConverter.cpp */; };
		7D48183F5200235327A76BE0 /* Win32SharedMemory.cpp in Sources */ = {isa = PBXBuildFile; fileRef = 2875535A58141E9013FF4D91 /* Win32SharedMemory.cpp */; };
		1CD8590772452A887F3E6225 /* tiny_obj_loader.cpp in Sources */ = {isa = PBXBuildFile; fileRef = 0DDC260A004533984D31044F /* tiny_obj_loader.cpp */; };
		236D5B7A43DC44C44E7D74F8 /* stb_image.cpp in Sources */ = {isa = PBXBuildFile; fileRef = 28AE44EC04130ABD064008D8 /* stb_image.cpp */; };
		1F280935289F7E79763E1779 /* tinystr.cpp in Sources */ = {isa = PBXBuildFile; fileRef = 6DE91AD00D2C495D2ACB7C2B /* tinystr.cpp */; };
		54C304BF4E4E149B4D4A5EBF /* tinyxml.cpp in Sources */ = {isa = PBXBuildFile; fileRef = 1B5E6F2457D3103C7D204274 /* tinyxml.cpp */; };
		54B14B554BBB20E057701E9E /* tinyxmlerror.cpp in Sources */ = {isa = PBXBuildFile; fileRef = 76B65E9113135B1807481EEC /* tinyxmlerror.cpp */; };
		266347F74EDB3BF178865ABB /* tinyxmlparser.cpp in Sources */ = {isa = PBXBuildFile; fileRef = 34F4059D0D87403E47B944DD /* tinyxmlparser.cpp */; };
		107C75E114E145A3640E13C3 /* TinyRenderer.cpp in Sources */ = {isa = PBXBuildFile; fileRef = 38860F985D6F5E8F1DFB756A /* TinyRenderer.cpp */; };
		593B43F40088613F09F34E83 /* geometry.cpp in Sources */ = {isa = PBXBuildFile; fileRef = 0FB5547D62FD07D55C504537 /* geometry.cpp */; };
		0BAF4F8E2DAB3AC7709A1C45 /* model.cpp in Sources */ = {isa = PBXBuildFile; fileRef = 0BF723E208814E3D07B07185 /* model.cpp */; };
		303E459D7DC5228A4E64083F /* our_gl.cpp in Sources */ = {isa = PBXBuildFile; fileRef = 35420389194F21B71A204090 /* our_gl.cpp */; };
		2AF577CF6A1665AC308D3564 /* tgaimage.cpp in Sources */ = {isa = PBXBuildFile; fileRef = 7C7E535F095B44E3265C6803 /* tgaimage.cpp */; };
		63CF2BFF1D330B61235F5BEC /* ChromeTraceUtil.cpp in Sources */ = {isa = PBXBuildFile; fileRef = 0BF8071C605C480972D17978 /* ChromeTraceUtil.cpp */; };
		6373515D6BB948C928D41102 /* RobotLoggingUtil.cpp in Sources */ = {isa = PBXBuildFile; fileRef = 6FF13D8651D66B4861A34E53 /* RobotLoggingUtil.cpp */; };
		5BC16C3C728C69BD2E365E3B /* b3Clock.cpp in Sources */ = {isa = PBXBuildFile; fileRef = 5FB246510095693B347D20AB /* b3Clock.cpp */; };
		5AF53B7F1054053A540B4363 /* b3ResourcePath.cpp in Sources */ = {isa = PBXBuildFile; fileRef = 2B0013577381529537D12A9F /* b3ResourcePath.cpp */; };
		29A45B3B1B322B73303D1FA6 /* test.c in Sources */ = {isa = PBXBuildFile; fileRef = 43526D89453C106358D60513 /* test.c */; };
		1A5E2380568C33E3078000A0 /* libBulletInverseDynamicsUtils.a in Frameworks */ = {isa = PBXBuildFile; fileRef = 0EBF569C557B21C534A402E9 /* libBulletInverseDynamicsUtils.a */; };
		7ADF4B290E7E75AE12B73C96 /* libBulletInverseDynamics.a in Frameworks */ = {isa = PBXBuildFile; fileRef = 0B0520026FD2733417860C64 /* libBulletInverseDynamics.a */; };
		4C4631D4598F3F097E844022 /* libBulletFileLoader.a in Frameworks */ = {isa = PBXBuildFile; fileRef = 3F0C3B89283136273D8900D3 /* libBulletFileLoader.a */; };
		586103372B677D4B50D85148 /* libBulletWorldImporter.a in Frameworks */ = {isa = PBXBuildFile; fileRef = 3E7721B847F263CE2066244D /* libBulletWorldImporter.a */; };
		75406EA87B0C7C0A311D0022 /* libBullet3Common.a in Frameworks */ = {isa = PBXBuildFile; fileRef = 6DFE726D05AD52DD39817898 /* libBullet3Common.a */; };
		4C313C25428E159F03FB7E69 /* libBulletDynamics.a in Frameworks */ = {isa = PBXBuildFile; fileRef = 12186ED7731835E21400164F /* libBulletDynamics.a */; };
		12404BCA5B873ADC74693D2F /* libBulletCollision.a in Frameworks */ = {isa = PBXBuildFile; fileRef = 159520FC30B76B6B728B2752 /* libBulletCollision.a */; };
		70F82F8A227753A905950E6B /* libBussIK.a in Frameworks */ = {isa = PBXBuildFile; fileRef = 1E355C1E43A2758C5C78687F /* libBussIK.a */; };
		193B16546BB3577E3EF42629 /* libLinearMath.a in Frameworks */ = {isa = PBXBuildFile; fileRef = 2A80474443100985345C0C3B /* libLinearMath.a */; };
/* End PBXBuildFile section */

/* Begin PBXContainerItemProxy section */
		69273979705821EB4C685D65 /* PBXContainerItemProxy */ = {
			isa = PBXContainerItemProxy;
			containerPortal = 4EB75A46669419505D6D52A0 /* BulletInverseDynamicsUtils.xcodeproj */;
			proxyType = 2;
			remoteGlobalIDString = 7D224BB81DD44B7662947F27;
			remoteInfo = "libBulletInverseDynamicsUtils_xcode4_x64_release.a";
		};
		36A50B9523011E9B77DE13D0 /* PBXContainerItemProxy */ = {
			isa = PBXContainerItemProxy;
			containerPortal = 4EB75A46669419505D6D52A0 /* BulletInverseDynamicsUtils.xcodeproj */;
			proxyType = 1;
			remoteGlobalIDString = 6A2C719D2A12253D51CB7777;
			remoteInfo = "libBulletInverseDynamicsUtils_xcode4_x64_release.a";
		};
		2B854208252473162D534A94 /* PBXContainerItemProxy */ = {
			isa = PBXContainerItemProxy;
			containerPortal = 3931529A3BAC57EC557449F3 /* BulletInverseDynamics.xcodeproj */;
			proxyType = 2;
			remoteGlobalIDString = 54CB07B04B0F595513DD3E13;
			remoteInfo = "libBulletInverseDynamics_xcode4_x64_release.a";
		};
		6ADB59EC26E70C9B241A4B2A /* PBXContainerItemProxy */ = {
			isa = PBXContainerItemProxy;
			containerPortal = 3931529A3BAC57EC557449F3 /* BulletInverseDynamics.xcodeproj */;
			proxyType = 1;
			remoteGlobalIDString = 6E39788B78AF33E0389754FD;
			remoteInfo = "libBulletInverseDynamics_xcode4_x64_release.a";
		};
		5A715C331EDA21D41C2E4E7B /* PBXContainerItemProxy */ = {
			isa = PBXContainerItemProxy;
			containerPortal = 5C6E798B1ECA7A8C125A709C /* BulletFileLoader.xcodeproj */;
			proxyType = 2;
			remoteGlobalIDString = 4375633B6694011C15F53E6E;
			remoteInfo = "libBulletFileLoader_xcode4_x64_release.a";
		};
		24570A00300D440D67FB4423 /* PBXContainerItemProxy */ = {
			isa = PBXContainerItemProxy;
			containerPortal = 5C6E798B1ECA7A8C125A709C /* BulletFileLoader.xcodeproj */;
			proxyType = 1;
			remoteGlobalIDString = 40824F2B22A8674D09C32136;
			remoteInfo = "libBulletFileLoader_xcode4_x64_release.a";
		};
		2DD73DD976AC3C4F77225D04 /* PBXContainerItemProxy */ = {
			isa = PBXContainerItemProxy;
			containerPortal = 265B3A7035937827756012D6 /* BulletWorldImporter.xcodeproj */;
			proxyType = 2;
			remoteGlobalIDString = 6A340243114363437337441E;
			remoteInfo = "libBulletWorldImporter_xcode4_x64_release.a";
		};
		4FC329CA2ADB4C8B6F337D71 /* PBXContainerItemProxy */ = {
			isa = PBXContainerItemProxy;
			containerPortal = 265B3A7035937827756012D6 /* BulletWorldImporter.xcodeproj */;
			proxyType = 1;
			remoteGlobalIDString = 3D575847402541EC7AD62F3D;
			remoteInfo = "libBulletWorldImporter_xcode4_x64_release.a";
		};
		51DB294D1C87070D01B26559 /* PBXContainerItemProxy */ = {
			isa = PBXContainerItemProxy;
			containerPortal = 58764D567F100930482D2E86 /* Bullet3Common.xcodeproj */;
			proxyType = 2;
			remoteGlobalIDString = 4C8B47CB78775F1F16B70950;
			remoteInfo = "libBullet3Common_xcode4_x64_release.a";
		};
		5FE015087F8E6D2537242B74 /* PBXContainerItemProxy */ = {
			isa = PBXContainerItemProxy;
			containerPortal = 58764D567F100930482D2E86 /* Bullet3Common.xcodeproj */;
			proxyType = 1;
			remoteGlobalIDString = 20B432DA27A76AE0499B70D1;
			remoteInfo = "libBullet3Common_xcode4_x64_release.a";
		};
		45794A8F08114572512E3E16 /* PBXContainerItemProxy */ = {
			isa = PBXContainerItemProxy;
			containerPortal = 5D9E4F2113582E746D692349 /* BulletDynamics.xcodeproj */;
			proxyType = 2;
			remoteGlobalIDString = 63D618611E0F73DE78D64E1C;
			remoteInfo = "libBulletDynamics_xcode4_x64_release.a";
		};
		405B38483C4428651D846185 /* PBXContainerItemProxy */ = {
			isa = PBXContainerItemProxy;
			containerPortal = 5D9E4F2113582E746D692349 /* BulletDynamics.xcodeproj */;
			proxyType = 1;
			remoteGlobalIDString = 3FE0154E530C70E6397D7380;
			remoteInfo = "libBulletDynamics_xcode4_x64_release.a";
		};
		37140AE34152049F2306732D /* PBXContainerItemProxy */ = {
			isa = PBXContainerItemProxy;
			containerPortal = 2C8E49517C5219305B8910C9 /* BulletCollision.xcodeproj */;
			proxyType = 2;
			remoteGlobalIDString = 591B36A712485B41166A498A;
			remoteInfo = "libBulletCollision_xcode4_x64_release.a";
		};
		27F4230A25EC49EB71F32BDB /* PBXContainerItemProxy */ = {
			isa = PBXContainerItemProxy;
			containerPortal = 2C8E49517C5219305B8910C9 /* BulletCollision.xcodeproj */;
			proxyType = 1;
			remoteGlobalIDString = 409C707B3392575B24DF3A11;
			remoteInfo = "libBulletCollision_xcode4_x64_release.a";
		};
		389B4F4A1A765E3109E40929 /* PBXContainerItemProxy */ = {
			isa = PBXContainerItemProxy;
			containerPortal = 054F29F329ED1922476F7D8A /* BussIK.xcodeproj */;
			proxyType = 2;
			remoteGlobalIDString = 2A263C1A73057BFF5A9F3384;
			remoteInfo = "libBussIK_xcode4_x64_release.a";
		};
		134F42FB74BB296339706E13 /* PBXContainerItemProxy */ = {
			isa = PBXContainerItemProxy;
			containerPortal = 054F29F329ED1922476F7D8A /* BussIK.xcodeproj */;
			proxyType = 1;
			remoteGlobalIDString = 3E121552604A40877A9E45F0;
			remoteInfo = "libBussIK_xcode4_x64_release.a";
		};
		4B84637201A3340F5C0A52F9 /* PBXContainerItemProxy */ = {
			isa = PBXContainerItemProxy;
			containerPortal = 54641B5B296531E612DF2DED /* LinearMath.xcodeproj */;
			proxyType = 2;
			remoteGlobalIDString = 3CA8791B026E09445FA30281;
			remoteInfo = "libLinearMath_xcode4_x64_release.a";
		};
		6D185915210C2ABE59251433 /* PBXContainerItemProxy */ = {
			isa = PBXContainerItemProxy;
			containerPortal = 54641B5B296531E612DF2DED /* LinearMath.xcodeproj */;
			proxyType = 1;
			remoteGlobalIDString = 1E25371819B56A5052A71028;
			remoteInfo = "libLinearMath_xcode4_x64_release.a";
		};
/* End PBXContainerItemProxy section */

/* Begin PBXFileReference section */
		77E8345D0709028E4833314C /* LoadMeshFromCollada.cpp */ = {isa = PBXFileReference; lastKnownFileType = sourcecode.cpp.cpp; name = "LoadMeshFromCollada.cpp"; path = "../../examples/Importers/ImportColladaDemo/LoadMeshFromCollada.cpp"; sourceTree = "<group>"; };
		4DE041C9050A0B0D041B3A8D /* BulletMJCFImporter.cpp */ = {isa = PBXFileReference; lastKnownFileType = sourcecode.cpp.cpp; name = "BulletMJCFImporter.cpp"; path = "../../examples/Importers/ImportMJCFDemo/BulletMJCFImporter.cpp"; sourceTree = "<group>"; };
		6EB3431939A84A2B01692530 /* b3ImportMeshUtility.cpp */ = {isa = PBXFileReference; lastKnownFileType = sourcecode.cpp.cpp; name = "b3ImportMeshUtility.cpp"; path = "../../examples/Importers/ImportMeshUtility/b3ImportMeshUtility.cpp"; sourceTree = "<group>"; };
		1FC761BB6A2406A565277066 /* LoadMeshFromObj.cpp */ = {isa = PBXFileReference; lastKnownFileType = sourcecode.cpp.cpp; name = "LoadMeshFromObj.cpp"; path = "../../examples/Importers/ImportObjDemo/LoadMeshFromObj.cpp"; sourceTree = "<group>"; };
		0F194064079C2AAB41C92816 /* Wavefront2GLInstanceGraphicsShape.cpp */ = {isa = PBXFileReference; lastKnownFileType = sourcecode.cpp.cpp; name = "Wavefront2GLInstanceGraphicsShape.cpp"; path = "../../examples/Importers/ImportObjDemo/Wavefront2GLInstanceGraphicsShape.cpp"; sourceTree = "<group>"; };
		77104008744B019C693C0C61 /* BulletUrdfImporter.cpp */ = {isa = PBXFileReference; lastKnownFileType = sourcecode.cpp.cpp; name = "BulletUrdfImporter.cpp"; path = "../../examples/Importers/ImportURDFDemo/BulletUrdfImporter.cpp"; sourceTree = "<group>"; };
		4E34715B1AC523CD128E5A4F /* MyMultiBodyCreator.cpp */ = {isa = PBXFileReference; lastKnownFileType = sourcecode.cpp.cpp; name = "MyMultiBodyCreator.cpp"; path = "../../examples/Importers/ImportURDFDemo/MyMultiBodyCreator.cpp"; sourceTree = "<group>"; };
		66DA214A13E74A8968987A3A /* URDF2Bullet.cpp */ = {isa = PBXFileReference; lastKnownFileType = sourcecode.cpp.cpp; name = "URDF2Bullet.cpp"; path = "../../examples/Importers/ImportURDFDemo/URDF2Bullet.cpp"; sourceTree = "<group>"; };
		7046046329B32EE8344B61C6 /* UrdfParser.cpp */ = {isa = PBXFileReference; lastKnownFileType = sourcecode.cpp.cpp; name = "UrdfParser.cpp"; path = "../../examples/Importers/ImportURDFDemo/UrdfParser.cpp"; sourceTree = "<group>"; };
		2E6D146E031E52806575167D /* urdfStringSplit.cpp */ = {isa = PBXFileReference; lastKnownFileType = sourcecode.cpp.cpp; name = "urdfStringSplit.cpp"; path = "../../examples/Importers/ImportURDFDemo/urdfStringSplit.cpp"; sourceTree = "<group>"; };
		499F6CC51E5A2B9A31D47966 /* SimpleCamera.cpp */ = {isa = PBXFileReference; lastKnownFileType = sourcecode.cpp.cpp; name = "SimpleCamera.cpp"; path = "../../examples/OpenGLWindow/SimpleCamera.cpp"; sourceTree = "<group>"; };
		2A92042B25D43E1637535033 /* SimpleCamera.h */ = {isa = PBXFileReference; lastKnownFileType = sourcecode.c.h; name = "SimpleCamera.h"; path = "../../examples/OpenGLWindow/SimpleCamera.h"; sourceTree = "<group>"; };
		50276B9F323B738B3AB42071 /* IKTrajectoryHelper.cpp */ = {isa = PBXFileReference; lastKnownFileType = sourcecode.cpp.cpp; name = "IKTrajectoryHelper.cpp"; path = "../../examples/SharedMemory/IKTrajectoryHelper.cpp"; sourceTree = "<group>"; };
		6FE763DB531801E50F0E0163 /* IKTrajectoryHelper.h */ = {isa = PBXFileReference; lastKnownFileType = sourcecode.c.h; name = "IKTrajectoryHelper.h"; path = "../../examples/SharedMemory/IKTrajectoryHelper.h"; sourceTree = "<group>"; };
		1DCC3FBF53F90E017B15513C /* PhysicsClient.cpp */ = {isa = PBXFileReference; lastKnownFileType = sourcecode.cpp.cpp; name = "PhysicsClient.cpp"; path = "../../examples/SharedMemory/PhysicsClient.cpp"; sourceTree = "<group>"; };
		18D17AC92D973F2754500EEC /* PhysicsClient.h */ = {isa = PBXFileReference; lastKnownFileType = sourcecode.c.h; name = "PhysicsClient.h"; path = "../../examples/SharedMemory/PhysicsClient.h"; sourceTree = "<group>"; };
		62263C7F71F537E955D32321 /* PhysicsClientC_API.cpp */ = {isa = PBXFileReference; lastKnownFileType = sourcecode.cpp.cpp; name = "PhysicsClientC_API.cpp"; path = "../../examples/SharedMemory/PhysicsClientC_API.cpp"; sourceTree = "<group>"; };
		700043C13F664F24779B04C2 /* PhysicsClientC_API.h */ = {isa = PBXFileReference; lastKnownFileType = sourcecode.c.h; name = "PhysicsClientC_API.h"; path = "../../examples/SharedMemory/PhysicsClientC_API.h"; sourceTree = "<group>"; };
		07D13AE52D2F03E0260C68F2 /* PhysicsClientSharedMemory.cpp */ = {isa = PBXFileReference; lastKnownFileType = sourcecode.cpp.cpp; name = "PhysicsClientSharedMemory.cpp"; path = "../../examples/SharedMemory/PhysicsClientSharedMemory.cpp"; sourceTree = "<group>"; };
		4AEF2D6B618E534A438E4D03 /* PhysicsClientSharedMemory.h */ = {isa = PBXFileReference; lastKnownFileType = sourcecode.c.h; name = "PhysicsClientSharedMemory.h"; path = "../../examples/SharedMemory/PhysicsClientSharedMemory.h"; sourceTree = "<group>"; };
		331D350703E965D84AB35C83 /* PhysicsLoopBack.cpp */ = {isa = PBXFileReference; lastKnownFileType = sourcecode.cpp.cpp; name = "PhysicsLoopBack.cpp"; path = "../../examples/SharedMemory/PhysicsLoopBack.cpp"; sourceTree = "<group>"; };
		330B46B05B913B9769196E99 /* PhysicsLoopBack.h */ = {isa = PBXFileReference; lastKnownFileType = sourcecode.c.h; name = "PhysicsLoopBack.h"; path = "../../examples/SharedMemory/PhysicsLoopBack.h"; sourceTree = "<group>"; };
		2FB14B6243A0594D04B24861 /* PhysicsLoopBackC_API.cpp */ = {isa = PBXFileReference; lastKnownFileType = sourcecode.cpp.cpp; name = "PhysicsLoopBackC_API.cpp"; path = "../../examples/SharedMemory/PhysicsLoopBackC_API.cpp"; sourceTree = "<group>"; };
		3D2614B37ECE3180009406F9 /* PhysicsLoopBackC_API.h */ = {isa = PBXFileReference; lastKnownFileType = sourcecode.c.h; name = "PhysicsLoopBackC_API.h"; path = "../../examples/SharedMemory/PhysicsLoopBackC_API.h"; sourceTree = "<group>"; };
		06B15D646D37404714585251 /* PhysicsServer.cpp */ = {isa = PBXFileReference; lastKnownFileType = sourcecode.cpp.cpp; name = "PhysicsServer.cpp"; path = "../../examples/SharedMemory/PhysicsServer.cpp"; sourceTree = "<group>"; };
		21A23BD467D712FE6DA56D67 /* PhysicsServer.h */ = {isa = PBXFileReference; lastKnownFileType = sourcecode.c.h; name = "PhysicsServer.h"; path = "../../examples/SharedMemory/PhysicsServer.h"; sourceTree = "<group>"; };
		3DC572102D9805FA7E2C12B2 /* PhysicsServerCommandProcessor.cpp */ = {isa = PBXFileReference; lastKnownFileType = sourcecode.cpp.cpp; name = "PhysicsServerCommandProcessor.cpp"; path = "../../examples/SharedMemory/PhysicsServerCommandProcessor.cpp"; sourceTree = "<group>"; };
		78FC02490BB52A7B78F95045 /* PhysicsServerCommandProcessor.h */ = {isa = PBXFileReference; lastKnownFileType = sourcecode.c.h; name = "PhysicsServerCommandProcessor.h"; path = "../../examples/SharedMemory/PhysicsServerCommandProcessor.h"; sourceTree = "<group>"; };
		0B77637F5DF27A2F3D730585 /* PhysicsServerSharedMemory.cpp */ = {isa = PBXFileReference; lastKnownFileType = sourcecode.cpp.cpp; name = "PhysicsServerSharedMemory.cpp"; path = "../../examples/SharedMemory/PhysicsServerSharedMemory.cpp"; sourceTree = "<group>"; };
		03743B907542477D098F22B1 /* PhysicsServerSharedMemory.h */ = {isa = PBXFileReference; lastKnownFileType = sourcecode.c.h; name = "PhysicsServerSharedMemory.h"; path = "../../examples/SharedMemory/PhysicsServerSharedMemory.h"; sourceTree = "<group>"; };
		1792116277F726573D6D7C61 /* PosixSharedMemory.cpp */ = {isa = PBXFileReference; lastKnownFileType = sourcecode.cpp.cpp; name = "PosixSharedMemory.cpp"; path = "../../examples/SharedMemory/PosixSharedMemory.cpp"; sourceTree = "<group>"; };
		29132C471DAF6D2660B05E6D /* PosixSharedMemory.h */ = {isa = PBXFileReference; lastKnownFileType = sourcecode.c.h; name = "PosixSharedMemory.h"; path = "../../examples/SharedMemory/PosixSharedMemory.h"; sourceTree = "<group>"; };
		4CFA3EE566F235FD30B8177C /* TinyRendererVisualShapeConverter.cpp */ = {isa = PBXFileReference; lastKnownFileType = sourcecode.cpp.cpp; name = "TinyRendererVisualShapeConverter.cpp"; path = "../../examples/SharedMemory/TinyRendererVisualShapeConverter.cpp"; sourceTree = "<group>"; };
		67C22F2528036897351C599A /* TinyRendererVisualShapeConverter.h */ = {isa = PBXFileReference; lastKnownFileType = sourcecode.c.h; name = "TinyRendererVisualShapeConverter.h"; path = "../../examples/SharedMemory/TinyRendererVisualShapeConverter.h"; sourceTree = "<group>"; };
		2875535A58141E9013FF4D91 /* Win32SharedMemory.cpp */ = {isa = PBXFileReference; lastKnownFileType = sourcecode.cpp.cpp; name = "Win32SharedMemory.cpp"; path = "../../examples/SharedMemory/Win32SharedMemory.cpp"; sourceTree = "<group>"; };
		4B183B6D1F9118C225CB4A90 /* Win32SharedMemory.h */ = {isa = PBXFileReference; lastKnownFileType = sourcecode.c.h; name = "Win32SharedMemory.h"; path = "../../examples/SharedMemory/Win32SharedMemory.h"; sourceTree = "<group>"; };
		0DDC260A004533984D31044F /* tiny_obj_loader.cpp */ = {isa = PBXFileReference; lastKnownFileType = sourcecode.cpp.cpp; name = "tiny_obj_loader.cpp"; path = "../../examples/ThirdPartyLibs/Wavefront/tiny_obj_loader.cpp"; sourceTree = "<group>"; };
		114C188819D1766313C91057 /* tiny_obj_loader.h */ = {isa = PBXFileReference; lastKnownFileType = sourcecode.c.h; name = "tiny_obj_loader.h"; path = "../../examples/ThirdPartyLibs/Wavefront/tiny_obj_loader.h"; sourceTree = "<group>"; };
		28AE44EC04130ABD064008D8 /* stb_image.cpp */ = {isa = PBXFileReference; lastKnownFileType = sourcecode.cpp.cpp; name = "stb_image.cpp"; path = "../../examples/ThirdPartyLibs/stb_image/stb_image.cpp"; sourceTree = "<group>"; };
		6DE91AD00D2C495D2ACB7C2B /* tinystr.cpp */ = {isa = PBXFileReference; lastKnownFileType = sourcecode.cpp.cpp; name = "tinystr.cpp"; path = "../../examples/ThirdPartyLibs/tinyxml/tinystr.cpp"; sourceTree = "<group>"; };
		1B5E6F2457D3103C7D204274 /* tinyxml.cpp */ = {isa = PBXFileReference; lastKnownFileType = sourcecode.cpp.cpp; name = "tinyxml.cpp"; path = "../../examples/ThirdPartyLibs/tinyxml/tinyxml.cpp"; sourceTree = "<group>"; };
		76B65E9113135B1807481EEC /* tinyxmlerror.cpp */ = {isa = PBXFileReference; lastKnownFileType = sourcecode.cpp.cpp; name = "tinyxmlerror.cpp"; path = "../../examples/ThirdPartyLibs/tinyxml/tinyxmlerror.cpp"; sourceTree = "<group>"; };
		34F4059D0D87403E47B944DD /* tinyxmlparser.cpp */ = {isa = PBXFileReference; lastKnownFileType = sourcecode.cpp.cpp; name = "tinyxmlparser.cpp"; path = "../../examples/ThirdPartyLibs/tinyxml/tinyxmlparser.cpp"; sourceTree = "<group>"; };
		38860F985D6F5E8F1DFB756A /* TinyRenderer.cpp */ = {isa = PBXFileReference; lastKnownFileType = sourcecode.cpp.cpp; name = "TinyRenderer.cpp"; path = "../../examples/TinyRenderer/TinyRenderer.cpp"; sourceTree = "<group>"; };
		0FB5547D62FD07D55C504537 /* geometry.cpp */ = {isa = PBXFileReference; lastKnownFileType = sourcecode.cpp.cpp; name = "geometry.cpp"; path = "../../examples/TinyRenderer/geometry.cpp"; sourceTree = "<group>"; };
		0BF723E208814E3D07B07185 /* model.cpp */ = {isa = PBXFileReference; lastKnownFileType = sourcecode.cpp.cpp; name = "model.cpp"; path = "../../examples/TinyRenderer/model.cpp"; sourceTree = "<group>"; };
		35420389194F21B71A204090 /* our_gl.cpp */ = {isa = PBXFileReference; lastKnownFileType = sourcecode.cpp.cpp; name = "our_gl.cpp"; path = "../../examples/TinyRenderer/our_gl.cpp"; sourceTree = "<group>"; };
		7C7E535F095B44E3265C6803 /* tgaimage.cpp */ = {isa = PBXFileReference; lastKnownFileType = sourcecode.cpp.cpp; name = "tgaimage.cpp"; path = "../../examples/TinyRenderer/tgaimage.cpp"; sourceTree = "<group>"; };
		0BF8071C605C480972D17978 /* ChromeTraceUtil.cpp */ = {isa = PBXFileReference; lastKnownFileType = sourcecode.cpp.cpp; name = "ChromeTraceUtil.cpp"; path = "../../examples/Utils/ChromeTraceUtil.cpp"; sourceTree = "<group>"; };
		0B4D283743EE4ADE3D411701 /* ChromeTraceUtil.h */ = {isa = PBXFileReference; lastKnownFileType = sourcecode.c.h; name = "ChromeTraceUtil.h"; path = "../../examples/Utils/ChromeTraceUtil.h"; sourceTree = "<group>"; };
		6FF13D8651D66B4861A34E53 /* RobotLoggingUtil.cpp */ = {isa = PBXFileReference; lastKnownFileType = sourcecode.cpp.cpp; name = "RobotLoggingUtil.cpp"; path = "../../examples/Utils/RobotLoggingUtil.cpp"; sourceTree = "<group>"; };
		480A26E86427401D58914BBC /* RobotLoggingUtil.h */ = {isa = PBXFileReference; lastKnownFileType = sourcecode.c.h; name = "RobotLoggingUtil.h"; path = "../../examples/Utils/RobotLoggingUtil.h"; sourceTree = "<group>"; };
		5FB246510095693B347D20AB /* b3Clock.cpp */ = {isa = PBXFileReference; lastKnownFileType = sourcecode.cpp.cpp; name = "b3Clock.cpp"; path = "../../examples/Utils/b3Clock.cpp"; sourceTree = "<group>"; };
		116C7F222BB450A910A204DE /* b3Clock.h */ = {isa = PBXFileReference; lastKnownFileType = sourcecode.c.h; name = "b3Clock.h"; path = "../../examples/Utils/b3Clock.h"; sourceTree = "<group>"; };
		2B0013577381529537D12A9F /* b3ResourcePath.cpp */ = {isa = PBXFileReference; lastKnownFileType = sourcecode.cpp.cpp; name = "b3ResourcePath.cpp"; path = "../../examples/Utils/b3ResourcePath.cpp"; sourceTree = "<group>"; };
		563A7DD26C0B55BD0BAA55C0 /* b3ResourcePath.h */ = {isa = PBXFileReference; lastKnownFileType = sourcecode.c.h; name = "b3ResourcePath.h"; path = "../../examples/Utils/b3ResourcePath.h"; sourceTree = "<group>"; };
		43526D89453C106358D60513 /* test.c */ = {isa = PBXFileReference; lastKnownFileType = sourcecode.c.c; name = "test.c"; path = "../../test/SharedMemory/test.c"; sourceTree = "<group>"; };
		6594174370B37A9901666BC5 /* Test_PhysicsServerLoopBack_xcode4_x64_release */ = {isa = PBXFileReference; explicitFileType = "compiled.mach-o.executable"; includeInIndex = 0; name = "Test_PhysicsServerLoopBack_xcode4_x64_release"; path = "Test_PhysicsServerLoopBack_xcode4_x64_release"; sourceTree = BUILT_PRODUCTS_DIR; };
		4EB75A46669419505D6D52A0 /* BulletInverseDynamicsUtils.xcodeproj */ = {isa = PBXFileReference; lastKnownFileType = "wrapper.pb-project"; name = "BulletInverseDynamicsUtils.xcodeproj"; path = "BulletInverseDynamicsUtils.xcodeproj"; sourceTree = SOURCE_ROOT; };
		3931529A3BAC57EC557449F3 /* BulletInverseDynamics.xcodeproj */ = {isa = PBXFileReference; lastKnownFileType = "wrapper.pb-project"; name = "BulletInverseDynamics.xcodeproj"; path = "BulletInverseDynamics.xcodeproj"; sourceTree = SOURCE_ROOT; };
		5C6E798B1ECA7A8C125A709C /* BulletFileLoader.xcodeproj */ = {isa = PBXFileReference; lastKnownFileType = "wrapper.pb-project"; name = "BulletFileLoader.xcodeproj"; path = "BulletFileLoader.xcodeproj"; sourceTree = SOURCE_ROOT; };
		265B3A7035937827756012D6 /* BulletWorldImporter.xcodeproj */ = {isa = PBXFileReference; lastKnownFileType = "wrapper.pb-project"; name = "BulletWorldImporter.xcodeproj"; path = "BulletWorldImporter.xcodeproj"; sourceTree = SOURCE_ROOT; };
		58764D567F100930482D2E86 /* Bullet3Common.xcodeproj */ = {isa = PBXFileReference; lastKnownFileType = "wrapper.pb-project"; name = "Bullet3Common.xcodeproj"; path = "Bullet3Common.xcodeproj"; sourceTree = SOURCE_ROOT; };
		5D9E4F2113582E746D692349 /* BulletDynamics.xcodeproj */ = {isa = PBXFileReference; lastKnownFileType = "wrapper.pb-project"; name = "BulletDynamics.xcodeproj"; path = "BulletDynamics.xcodeproj"; sourceTree = SOURCE_ROOT; };
		2C8E49517C5219305B8910C9 /* BulletCollision.xcodeproj */ = {isa = PBXFileReference; lastKnownFileType = "wrapper.pb-project"; name = "BulletCollision.xcodeproj"; path = "BulletCollision.xcodeproj"; sourceTree = SOURCE_ROOT; };
		054F29F329ED1922476F7D8A /* BussIK.xcodeproj */ = {isa = PBXFileReference; lastKnownFileType = "wrapper.pb-project"; name = "BussIK.xcodeproj"; path = "BussIK.xcodeproj"; sourceTree = SOURCE_ROOT; };
		54641B5B296531E612DF2DED /* LinearMath.xcodeproj */ = {isa = PBXFileReference; lastKnownFileType = "wrapper.pb-project"; name = "LinearMath.xcodeproj"; path = "LinearMath.xcodeproj"; sourceTree = SOURCE_ROOT; };
/* End PBXFileReference section */

/* Begin PBXFrameworksBuildPhase section */
		4EF969290BE42E131461246F /* Frameworks */ = {
			isa = PBXFrameworksBuildPhase;
			buildActionMask = 2147483647;
			files = (
				1A5E2380568C33E3078000A0 /* libBulletInverseDynamicsUtils.a in Frameworks */,
				7ADF4B290E7E75AE12B73C96 /* libBulletInverseDynamics.a in Frameworks */,
				4C4631D4598F3F097E844022 /* libBulletFileLoader.a in Frameworks */,
				586103372B677D4B50D85148 /* libBulletWorldImporter.a in Frameworks */,
				75406EA87B0C7C0A311D0022 /* libBullet3Common.a in Frameworks */,
				4C313C25428E159F03FB7E69 /* libBulletDynamics.a in Frameworks */,
				12404BCA5B873ADC74693D2F /* libBulletCollision.a in Frameworks */,
				70F82F8A227753A905950E6B /* libBussIK.a in Frameworks */,
				193B16546BB3577E3EF42629 /* libLinearMath.a in Frameworks */,
			);
			runOnlyForDeploymentPostprocessing = 0;
		};
/* End PBXFrameworksBuildPhase section */

/* Begin PBXGroup section */
		6A6E07415B0220B21A374700 /* Test_PhysicsServerLoopBack */ = {
			isa = PBXGroup;
			children = (
				03D92C81668F5B7A4D5A7EA2 /* examples */,
				3AAE7D563E3D39AA4B115B8A /* test */,
				7B532B70584820366DBE6092 /* Products */,
				3AA1481027766CE93F3A0173 /* Projects */,
			);
			name = "Test_PhysicsServerLoopBack";
			sourceTree = "<group>";
		};
		03D92C81668F5B7A4D5A7EA2 /* examples */ = {
			isa = PBXGroup;
			children = (
				5D570A8E22482F8A296E7C83 /* Importers */,
				762506BB0E3F7C6176354023 /* OpenGLWindow */,
				582C4AD62ABF6C225C1E4B62 /* SharedMemory */,
				5B7F120F19BC29D1720F4A34 /* ThirdPartyLibs */,
				4CF8572823777A81342B7840 /* TinyRenderer */,
				3CE62A7926B347B27D73267B /* Utils */,
			);
			name = "examples";
			sourceTree = "<group>";
		};
		5D570A8E22482F8A296E7C83 /* Importers */ = {
			isa = PBXGroup;
			children = (
				20CB18497652197A2A4E16D8 /* ImportColladaDemo */,
				37EA07125608427467EE5FF3 /* ImportMJCFDemo */,
				3C8F015C646343A9271577DB /* ImportMeshUtility */,
				65250C3C6E5E05BF5B8F4307 /* ImportObjDemo */,
				23E955913DE712471DF94E98 /* ImportURDFDemo */,
			);
			name = "Importers";
			sourceTree = "<group>";
		};
		20CB18497652197A2A4E16D8 /* ImportColladaDemo */ = {
			isa = PBXGroup;
			children = (
				77E8345D0709028E4833314C /* LoadMeshFromCollada.cpp */,
			);
			name = "ImportColladaDemo";
			sourceTree = "<group>";
		};
		37EA07125608427467EE5FF3 /* ImportMJCFDemo */ = {
			isa = PBXGroup;
			children = (
				4DE041C9050A0B0D041B3A8D /* BulletMJCFImporter.cpp */,
			);
			name = "ImportMJCFDemo";
			sourceTree = "<group>";
		};
		3C8F015C646343A9271577DB /* ImportMeshUtility */ = {
			isa = PBXGroup;
			children = (
				6EB3431939A84A2B01692530 /* b3ImportMeshUtility.cpp */,
			);
			name = "ImportMeshUtility";
			sourceTree = "<group>";
		};
		65250C3C6E5E05BF5B8F4307 /* ImportObjDemo */ = {
			isa = PBXGroup;
			children = (
				1FC761BB6A2406A565277066 /* LoadMeshFromObj.cpp */,
				0F194064079C2AAB41C92816 /* Wavefront2GLInstanceGraphicsShape.cpp */,
			);
			name = "ImportObjDemo";
			sourceTree = "<group>";
		};
		23E955913DE712471DF94E98 /* ImportURDFDemo */ = {
			isa = PBXGroup;
			children = (
				77104008744B019C693C0C61 /* BulletUrdfImporter.cpp */,
				4E34715B1AC523CD128E5A4F /* MyMultiBodyCreator.cpp */,
				66DA214A13E74A8968987A3A /* URDF2Bullet.cpp */,
				7046046329B32EE8344B61C6 /* UrdfParser.cpp */,
				2E6D146E031E52806575167D /* urdfStringSplit.cpp */,
			);
			name = "ImportURDFDemo";
			sourceTree = "<group>";
		};
		762506BB0E3F7C6176354023 /* OpenGLWindow */ = {
			isa = PBXGroup;
			children = (
				499F6CC51E5A2B9A31D47966 /* SimpleCamera.cpp */,
				2A92042B25D43E1637535033 /* SimpleCamera.h */,
			);
			name = "OpenGLWindow";
			sourceTree = "<group>";
		};
		582C4AD62ABF6C225C1E4B62 /* SharedMemory */ = {
			isa = PBXGroup;
			children = (
				50276B9F323B738B3AB42071 /* IKTrajectoryHelper.cpp */,
				6FE763DB531801E50F0E0163 /* IKTrajectoryHelper.h */,
				1DCC3FBF53F90E017B15513C /* PhysicsClient.cpp */,
				18D17AC92D973F2754500EEC /* PhysicsClient.h */,
				62263C7F71F537E955D32321 /* PhysicsClientC_API.cpp */,
				700043C13F664F24779B04C2 /* PhysicsClientC_API.h */,
				07D13AE52D2F03E0260C68F2 /* PhysicsClientSharedMemory.cpp */,
				4AEF2D6B618E534A438E4D03 /* PhysicsClientSharedMemory.h */,
				331D350703E965D84AB35C83 /* PhysicsLoopBack.cpp */,
				330B46B05B913B9769196E99 /* PhysicsLoopBack.h */,
				2FB14B6243A0594D04B24861 /* PhysicsLoopBackC_API.cpp */,
				3D2614B37ECE3180009406F9 /* PhysicsLoopBackC_API.h */,
				06B15D646D37404714585251 /* PhysicsServer.cpp */,
				21A23BD467D712FE6DA56D67 /* PhysicsServer.h */,
				3DC572102D9805FA7E2C12B2 /* PhysicsServerCommandProcessor.cpp */,
				78FC02490BB52A7B78F95045 /* PhysicsServerCommandProcessor.h */,
				0B77637F5DF27A2F3D730585 /* PhysicsServerSharedMemory.cpp */,
				03743B907542477D098F22B1 /* PhysicsServerSharedMemory.h */,
				1792116277F726573D6D7C61 /* PosixSharedMemory.cpp */,
				29132C471DAF6D2660B05E6D /* PosixSharedMemory.h */,
				4CFA3EE566F235FD30B8177C /* TinyRendererVisualShapeConverter.cpp */,
				67C22F2528036897351C599A /* TinyRendererVisualShapeConverter.h */,
				2875535A58141E9013FF4D91 /* Win32SharedMemory.cpp */,
				4B183B6D1F9118C225CB4A90 /* Win32SharedMemory.h */,
			);
			name = "SharedMemory";
			sourceTree = "<group>";
		};
		5B7F120F19BC29D1720F4A34 /* ThirdPartyLibs */ = {
			isa = PBXGroup;
			children = (
				325E6C8D5B7775E121B708DD /* Wavefront */,
				5CD818A11E771E0D11D54324 /* stb_image */,
				61FB41D043B2067D1F2A0519 /* tinyxml */,
			);
			name = "ThirdPartyLibs";
			sourceTree = "<group>";
		};
		325E6C8D5B7775E121B708DD /* Wavefront */ = {
			isa = PBXGroup;
			children = (
				0DDC260A004533984D31044F /* tiny_obj_loader.cpp */,
				114C188819D1766313C91057 /* tiny_obj_loader.h */,
			);
			name = "Wavefront";
			sourceTree = "<group>";
		};
		5CD818A11E771E0D11D54324 /* stb_image */ = {
			isa = PBXGroup;
			children = (
				28AE44EC04130ABD064008D8 /* stb_image.cpp */,
			);
			name = "stb_image";
			sourceTree = "<group>";
		};
		61FB41D043B2067D1F2A0519 /* tinyxml */ = {
			isa = PBXGroup;
			children = (
				6DE91AD00D2C495D2ACB7C2B /* tinystr.cpp */,
				1B5E6F2457D3103C7D204274 /* tinyxml.cpp */,
				76B65E9113135B1807481EEC /* tinyxmlerror.cpp */,
				34F4059D0D87403E47B944DD /* tinyxmlparser.cpp */,
			);
			name = "tinyxml";
			sourceTree = "<group>";
		};
		4CF8572823777A81342B7840 /* TinyRenderer */ = {
			isa = PBXGroup;
			children = (
				38860F985D6F5E8F1DFB756A /* TinyRenderer.cpp */,
				0FB5547D62FD07D55C504537 /* geometry.cpp */,
				0BF723E208814E3D07B07185 /* model.cpp */,
				35420389194F21B71A204090 /* our_gl.cpp */,
				7C7E535F095B44E3265C6803 /* tgaimage.cpp */,
			);
			name = "TinyRenderer";
			sourceTree = "<group>";
		};
		3CE62A7926B347B27D73267B /* Utils */ = {
			isa = PBXGroup;
			children = (
				0BF8071C605C480972D17978 /* ChromeTraceUtil.cpp */,
				0B4D283743EE4ADE3D411701 /* ChromeTraceUtil.h */,
				6FF13D8651D66B4861A34E53 /* RobotLoggingUtil.cpp */,
				480A26E86427401D58914BBC /* RobotLoggingUtil.h */,
				5FB246510095693B347D20AB /* b3Clock.cpp */,
				116C7F222BB450A910A204DE /* b3Clock.h */,
				2B0013577381529537D12A9F /* b3ResourcePath.cpp */,
				563A7DD26C0B55BD0BAA55C0 /* b3ResourcePath.h */,
			);
			name = "Utils";
			sourceTree = "<group>";
		};
		3AAE7D563E3D39AA4B115B8A /* test */ = {
			isa = PBXGroup;
			children = (
				421063437F5326215CD277B3 /* SharedMemory */,
			);
			name = "test";
			sourceTree = "<group>";
		};
		421063437F5326215CD277B3 /* SharedMemory */ = {
			isa = PBXGroup;
			children = (
				43526D89453C106358D60513 /* test.c */,
			);
			name = "SharedMemory";
			sourceTree = "<group>";
		};
		7B532B70584820366DBE6092 /* Products */ = {
			isa = PBXGroup;
			children = (
				6594174370B37A9901666BC5 /* Test_PhysicsServerLoopBack_xcode4_x64_release */,
			);
			name = "Products";
			sourceTree = "<group>";
		};
		3AA1481027766CE93F3A0173 /* Projects */ = {
			isa = PBXGroup;
			children = (
				4EB75A46669419505D6D52A0 /* BulletInverseDynamicsUtils.xcodeproj */,
				3931529A3BAC57EC557449F3 /* BulletInverseDynamics.xcodeproj */,
				5C6E798B1ECA7A8C125A709C /* BulletFileLoader.xcodeproj */,
				265B3A7035937827756012D6 /* BulletWorldImporter.xcodeproj */,
				58764D567F100930482D2E86 /* Bullet3Common.xcodeproj */,
				5D9E4F2113582E746D692349 /* BulletDynamics.xcodeproj */,
				2C8E49517C5219305B8910C9 /* BulletCollision.xcodeproj */,
				054F29F329ED1922476F7D8A /* BussIK.xcodeproj */,
				54641B5B296531E612DF2DED /* LinearMath.xcodeproj */,
			);
			name = "Projects";
			sourceTree = "<group>";
		};
		439060107B3C3CD15EFC1D98 /* Products */ = {
			isa = PBXGroup;
			children = (
				0EBF569C557B21C534A402E9 /* libBulletInverseDynamicsUtils.a */,
			);
			name = Products;
			sourceTree = "<group>";
		};
		5EBE1FEF453F2CB207D8148A /* Products */ = {
			isa = PBXGroup;
			children = (
				0B0520026FD2733417860C64 /* libBulletInverseDynamics.a */,
			);
			name = Products;
			sourceTree = "<group>";
		};
		41120B1B43C4004D447425CB /* Products */ = {
			isa = PBXGroup;
			children = (
				3F0C3B89283136273D8900D3 /* libBulletFileLoader.a */,
			);
			name = Products;
			sourceTree = "<group>";
		};
		470F5EEF220376A819BC2BE6 /* Products */ = {
			isa = PBXGroup;
			children = (
				3E7721B847F263CE2066244D /* libBulletWorldImporter.a */,
			);
			name = Products;
			sourceTree = "<group>";
		};
		7AC45C2C77C156484A220D8D /* Products */ = {
			isa = PBXGroup;
			children = (
				6DFE726D05AD52DD39817898 /* libBullet3Common.a */,
			);
			name = Products;
			sourceTree = "<group>";
		};
		6B8435E1709157646AE101E2 /* Products */ = {
			isa = PBXGroup;
			children = (
				12186ED7731835E21400164F /* libBulletDynamics.a */,
			);
			name = Products;
			sourceTree = "<group>";
		};
		4E3C75E47E4700EA1F241B65 /* Products */ = {
			isa = PBXGroup;
			children = (
				159520FC30B76B6B728B2752 /* libBulletCollision.a */,
			);
			name = Products;
			sourceTree = "<group>";
		};
		33A3263C32AE3E6234B41795 /* Products */ = {
			isa = PBXGroup;
			children = (
				1E355C1E43A2758C5C78687F /* libBussIK.a */,
			);
			name = Products;
			sourceTree = "<group>";
		};
		30E727D13770456377401D74 /* Products */ = {
			isa = PBXGroup;
			children = (
				2A80474443100985345C0C3B /* libLinearMath.a */,
			);
			name = Products;
			sourceTree = "<group>";
		};
/* End PBXGroup section */

/* Begin PBXNativeTarget section */
		6CF174925A2959AA4E9729FB /* Test_PhysicsServerLoopBack */ = {
			isa = PBXNativeTarget;
			buildConfigurationList = 5905070D0D8E08A92E230FC6 /* Build configuration list for PBXNativeTarget "Test_PhysicsServerLoopBack" */;
			buildPhases = (
				36C40E25322D359D687F21EB /* Resources */,
				0C6956E706851FAC62D94551 /* Sources */,
				4EF969290BE42E131461246F /* Frameworks */,
			);
			buildRules = (
			);
			dependencies = (
				6C3A6A591B1262E54A701583 /* PBXTargetDependency */,
				595857CE3E595D3F13EC0249 /* PBXTargetDependency */,
				59B90E2F5BD923D2655F5042 /* PBXTargetDependency */,
				3D3F17183C6C01EF72D93A0A /* PBXTargetDependency */,
				502937C8686E277D2048795F /* PBXTargetDependency */,
				69D746F53DDD0C7354F3387B /* PBXTargetDependency */,
				407F6CCC45CA755939422833 /* PBXTargetDependency */,
				49860E606A24734B00CF4D88 /* PBXTargetDependency */,
				4A187F72160D4AA409F81C2F /* PBXTargetDependency */,
			);
			name = "Test_PhysicsServerLoopBack";
			productInstallPath = "$(HOME)/bin";
			productName = "Test_PhysicsServerLoopBack";
			productReference = 6594174370B37A9901666BC5 /* Test_PhysicsServerLoopBack_xcode4_x64_release */;
			productType = "com.apple.product-type.tool";
		};
/* End PBXNativeTarget section */

/* Begin PBXProject section */
		08FB7793FE84155DC02AAC07 /* Project object */ = {
			isa = PBXProject;
			buildConfigurationList = 1DEB928908733DD80010E9CD /* Build configuration list for PBXProject "Test_PhysicsServerLoopBack" */;
			compatibilityVersion = "Xcode 3.2";
			hasScannedForEncodings = 1;
			mainGroup = 6A6E07415B0220B21A374700 /* Test_PhysicsServerLoopBack */;
			projectDirPath = "";
			projectReferences = (
				{
					ProductGroup = 439060107B3C3CD15EFC1D98 /* Products */;
					ProjectRef = 4EB75A46669419505D6D52A0 /* BulletInverseDynamicsUtils.xcodeproj */;
				},
				{
					ProductGroup = 5EBE1FEF453F2CB207D8148A /* Products */;
					ProjectRef = 3931529A3BAC57EC557449F3 /* BulletInverseDynamics.xcodeproj */;
				},
				{
					ProductGroup = 41120B1B43C4004D447425CB /* Products */;
					ProjectRef = 5C6E798B1ECA7A8C125A709C /* BulletFileLoader.xcodeproj */;
				},
				{
					ProductGroup = 470F5EEF220376A819BC2BE6 /* Products */;
					ProjectRef = 265B3A7035937827756012D6 /* BulletWorldImporter.xcodeproj */;
				},
				{
					ProductGroup = 7AC45C2C77C156484A220D8D /* Products */;
					ProjectRef = 58764D567F100930482D2E86 /* Bullet3Common.xcodeproj */;
				},
				{
					ProductGroup = 6B8435E1709157646AE101E2 /* Products */;
					ProjectRef = 5D9E4F2113582E746D692349 /* BulletDynamics.xcodeproj */;
				},
				{
					ProductGroup = 4E3C75E47E4700EA1F241B65 /* Products */;
					ProjectRef = 2C8E49517C5219305B8910C9 /* BulletCollision.xcodeproj */;
				},
				{
					ProductGroup = 33A3263C32AE3E6234B41795 /* Products */;
					ProjectRef = 054F29F329ED1922476F7D8A /* BussIK.xcodeproj */;
				},
				{
					ProductGroup = 30E727D13770456377401D74 /* Products */;
					ProjectRef = 54641B5B296531E612DF2DED /* LinearMath.xcodeproj */;
				},
			);
			projectRoot = "";
			targets = (
				6CF174925A2959AA4E9729FB /* Test_PhysicsServerLoopBack_xcode4_x64_release */,
			);
		};
/* End PBXProject section */

/* Begin PBXReferenceProxy section */
		0EBF569C557B21C534A402E9 /* libBulletInverseDynamicsUtils.a */ = {
			isa = PBXReferenceProxy;
			fileType = archive.ar;
			path = "../../bin/libBulletInverseDynamicsUtils.a";
			remoteRef = 69273979705821EB4C685D65 /* PBXContainerItemProxy */;
			sourceTree = BUILT_PRODUCTS_DIR;
		};
		0B0520026FD2733417860C64 /* libBulletInverseDynamics.a */ = {
			isa = PBXReferenceProxy;
			fileType = archive.ar;
			path = "../../bin/libBulletInverseDynamics.a";
			remoteRef = 2B854208252473162D534A94 /* PBXContainerItemProxy */;
			sourceTree = BUILT_PRODUCTS_DIR;
		};
		3F0C3B89283136273D8900D3 /* libBulletFileLoader.a */ = {
			isa = PBXReferenceProxy;
			fileType = archive.ar;
			path = "../../bin/libBulletFileLoader.a";
			remoteRef = 5A715C331EDA21D41C2E4E7B /* PBXContainerItemProxy */;
			sourceTree = BUILT_PRODUCTS_DIR;
		};
		3E7721B847F263CE2066244D /* libBulletWorldImporter.a */ = {
			isa = PBXReferenceProxy;
			fileType = archive.ar;
			path = "../../bin/libBulletWorldImporter.a";
			remoteRef = 2DD73DD976AC3C4F77225D04 /* PBXContainerItemProxy */;
			sourceTree = BUILT_PRODUCTS_DIR;
		};
		6DFE726D05AD52DD39817898 /* libBullet3Common.a */ = {
			isa = PBXReferenceProxy;
			fileType = archive.ar;
			path = "../../bin/libBullet3Common.a";
			remoteRef = 51DB294D1C87070D01B26559 /* PBXContainerItemProxy */;
			sourceTree = BUILT_PRODUCTS_DIR;
		};
		12186ED7731835E21400164F /* libBulletDynamics.a */ = {
			isa = PBXReferenceProxy;
			fileType = archive.ar;
			path = "../../bin/libBulletDynamics.a";
			remoteRef = 45794A8F08114572512E3E16 /* PBXContainerItemProxy */;
			sourceTree = BUILT_PRODUCTS_DIR;
		};
		159520FC30B76B6B728B2752 /* libBulletCollision.a */ = {
			isa = PBXReferenceProxy;
			fileType = archive.ar;
			path = "../../bin/libBulletCollision.a";
			remoteRef = 37140AE34152049F2306732D /* PBXContainerItemProxy */;
			sourceTree = BUILT_PRODUCTS_DIR;
		};
		1E355C1E43A2758C5C78687F /* libBussIK.a */ = {
			isa = PBXReferenceProxy;
			fileType = archive.ar;
			path = "../../bin/libBussIK.a";
			remoteRef = 389B4F4A1A765E3109E40929 /* PBXContainerItemProxy */;
			sourceTree = BUILT_PRODUCTS_DIR;
		};
		2A80474443100985345C0C3B /* libLinearMath.a */ = {
			isa = PBXReferenceProxy;
			fileType = archive.ar;
			path = "../../bin/libLinearMath.a";
			remoteRef = 4B84637201A3340F5C0A52F9 /* PBXContainerItemProxy */;
			sourceTree = BUILT_PRODUCTS_DIR;
		};
/* End PBXReferenceProxy section */

/* Begin PBXResourcesBuildPhase section */
		36C40E25322D359D687F21EB /* Resources */ = {
			isa = PBXResourcesBuildPhase;
			buildActionMask = 2147483647;
			files = (
			);
			runOnlyForDeploymentPostprocessing = 0;
		};
/* End PBXResourcesBuildPhase section */

/* Begin PBXSourcesBuildPhase section */
		0C6956E706851FAC62D94551 /* Sources */ = {
			isa = PBXSourcesBuildPhase;
			buildActionMask = 2147483647;
			files = (
				02AC05532DA1579E7B5726E7 /* LoadMeshFromCollada.cpp in Sources */,
				1046186D4D131E1642C40742 /* BulletMJCFImporter.cpp in Sources */,
				1715732D20EF4B5362886873 /* b3ImportMeshUtility.cpp in Sources */,
				55811F1C6CA420C170F6427E /* LoadMeshFromObj.cpp in Sources */,
				45474F097A69320169192890 /* Wavefront2GLInstanceGraphicsShape.cpp in Sources */,
				6D6440B07C9D617036F26F09 /* BulletUrdfImporter.cpp in Sources */,
				20DC6C4876B16EB006D06553 /* MyMultiBodyCreator.cpp in Sources */,
				132927141BC87B5929F67FF0 /* URDF2Bullet.cpp in Sources */,
				12A1160A108719642A37076F /* UrdfParser.cpp in Sources */,
				03EF416D7E524B8B48726CAF /* urdfStringSplit.cpp in Sources */,
				46BB546013BB6B66258963AD /* SimpleCamera.cpp in Sources */,
				03D461446A72684E7817404A /* IKTrajectoryHelper.cpp in Sources */,
				4408031855A624291557210B /* PhysicsClient.cpp in Sources */,
				7B13492674C34993667A0663 /* PhysicsClientC_API.cpp in Sources */,
				758447866C1C4DAA7ADD50DC /* PhysicsClientSharedMemory.cpp in Sources */,
				52D155480BC809C1639D6D9E /* PhysicsLoopBack.cpp in Sources */,
				11C45D8E524A19756F8B4E30 /* PhysicsLoopBackC_API.cpp in Sources */,
				50BB552C42D75CEC3B6C5BE9 /* PhysicsServer.cpp in Sources */,
				7A42424F52EE2CCE2F483F09 /* PhysicsServerCommandProcessor.cpp in Sources */,
				6A6F2BC136003ED74A5F3B1B /* PhysicsServerSharedMemory.cpp in Sources */,
				5FA8294431AF5BE74A6010D3 /* PosixSharedMemory.cpp in Sources */,
				7D536FE21F4E7A8A25586DE1 /* TinyRendererVisualShapeConverter.cpp in Sources */,
				7D48183F5200235327A76BE0 /* Win32SharedMemory.cpp in Sources */,
				1CD8590772452A887F3E6225 /* tiny_obj_loader.cpp in Sources */,
				236D5B7A43DC44C44E7D74F8 /* stb_image.cpp in Sources */,
				1F280935289F7E79763E1779 /* tinystr.cpp in Sources */,
				54C304BF4E4E149B4D4A5EBF /* tinyxml.cpp in Sources */,
				54B14B554BBB20E057701E9E /* tinyxmlerror.cpp in Sources */,
				266347F74EDB3BF178865ABB /* tinyxmlparser.cpp in Sources */,
				107C75E114E145A3640E13C3 /* TinyRenderer.cpp in Sources */,
				593B43F40088613F09F34E83 /* geometry.cpp in Sources */,
				0BAF4F8E2DAB3AC7709A1C45 /* model.cpp in Sources */,
				303E459D7DC5228A4E64083F /* our_gl.cpp in Sources */,
				2AF577CF6A1665AC308D3564 /* tgaimage.cpp in Sources */,
				63CF2BFF1D330B61235F5BEC /* ChromeTraceUtil.cpp in Sources */,
				6373515D6BB948C928D41102 /* RobotLoggingUtil.cpp in Sources */,
				5BC16C3C728C69BD2E365E3B /* b3Clock.cpp in Sources */,
				5AF53B7F1054053A540B4363 /* b3ResourcePath.cpp in Sources */,
				29A45B3B1B322B73303D1FA6 /* test.c in Sources */,
			);
			runOnlyForDeploymentPostprocessing = 0;
		};
/* End PBXSourcesBuildPhase section */

/* Begin PBXVariantGroup section */
/* End PBXVariantGroup section */

/* Begin PBXTargetDependency section */
		6C3A6A591B1262E54A701583 /* PBXTargetDependency */ = {
			isa = PBXTargetDependency;
			name = "libBulletInverseDynamicsUtils.a";
			targetProxy = 36A50B9523011E9B77DE13D0 /* PBXContainerItemProxy */;
		};
		595857CE3E595D3F13EC0249 /* PBXTargetDependency */ = {
			isa = PBXTargetDependency;
			name = "libBulletInverseDynamics.a";
			targetProxy = 6ADB59EC26E70C9B241A4B2A /* PBXContainerItemProxy */;
		};
		59B90E2F5BD923D2655F5042 /* PBXTargetDependency */ = {
			isa = PBXTargetDependency;
			name = "libBulletFileLoader.a";
			targetProxy = 24570A00300D440D67FB4423 /* PBXContainerItemProxy */;
		};
		3D3F17183C6C01EF72D93A0A /* PBXTargetDependency */ = {
			isa = PBXTargetDependency;
			name = "libBulletWorldImporter.a";
			targetProxy = 4FC329CA2ADB4C8B6F337D71 /* PBXContainerItemProxy */;
		};
		502937C8686E277D2048795F /* PBXTargetDependency */ = {
			isa = PBXTargetDependency;
			name = "libBullet3Common.a";
			targetProxy = 5FE015087F8E6D2537242B74 /* PBXContainerItemProxy */;
		};
		69D746F53DDD0C7354F3387B /* PBXTargetDependency */ = {
			isa = PBXTargetDependency;
			name = "libBulletDynamics.a";
			targetProxy = 405B38483C4428651D846185 /* PBXContainerItemProxy */;
		};
		407F6CCC45CA755939422833 /* PBXTargetDependency */ = {
			isa = PBXTargetDependency;
			name = "libBulletCollision.a";
			targetProxy = 27F4230A25EC49EB71F32BDB /* PBXContainerItemProxy */;
		};
		49860E606A24734B00CF4D88 /* PBXTargetDependency */ = {
			isa = PBXTargetDependency;
			name = "libBussIK.a";
			targetProxy = 134F42FB74BB296339706E13 /* PBXContainerItemProxy */;
		};
		4A187F72160D4AA409F81C2F /* PBXTargetDependency */ = {
			isa = PBXTargetDependency;
			name = "libLinearMath.a";
			targetProxy = 6D185915210C2ABE59251433 /* PBXContainerItemProxy */;
		};
/* End PBXTargetDependency section */

/* Begin XCBuildConfiguration section */
		2E5E35132E2D2FC80A56200A /* Release */ = {
			isa = XCBuildConfiguration;
			buildSettings = {
				ARCHS = "$(ARCHS_STANDARD_32_BIT) $(ARCHS_STANDARD_64_BIT)";
				VALID_ARCHS = "x86_64 i386";
				ALWAYS_SEARCH_USER_PATHS = NO;
				DEBUG_INFORMATION_FORMAT = "dwarf-with-dsym";
				CONFIGURATION_BUILD_DIR = "../../bin";
				GCC_DYNAMIC_NO_PIC = NO;
				GCC_MODEL_TUNING = G5;
				INSTALL_PATH = /usr/local/bin;
				PRODUCT_NAME = "Test_PhysicsServerLoopBack_xcode4_x64_release";
			};
			name = "Release";
		};
		001449DC4AEB321112295EF1 /* Debug */ = {
			isa = XCBuildConfiguration;
			buildSettings = {
				ARCHS = "$(ARCHS_STANDARD_32_BIT) $(ARCHS_STANDARD_64_BIT)";
				VALID_ARCHS = "x86_64 i386";
				ALWAYS_SEARCH_USER_PATHS = NO;
				CONFIGURATION_BUILD_DIR = "../../bin";
				GCC_DYNAMIC_NO_PIC = NO;
				GCC_MODEL_TUNING = G5;
				INSTALL_PATH = /usr/local/bin;
				PRODUCT_NAME = "Test_PhysicsServerLoopBack_xcode4_x64_debug";
			};
			name = "Debug";
		};
		1E941A5E122B45EC349749D2 /* Release */ = {
			isa = XCBuildConfiguration;
			buildSettings = {
				ARCHS = "$(ARCHS_STANDARD_32_BIT) $(ARCHS_STANDARD_64_BIT)";
				VALID_ARCHS = "x86_64 i386";
				SDKROOT = macosx;
				ARCHS = "x86_64";
				CONFIGURATION_BUILD_DIR = "$(SYMROOT)";
				CONFIGURATION_TEMP_DIR = "$(OBJROOT)";
				GCC_C_LANGUAGE_STANDARD = gnu99;
				GCC_OPTIMIZATION_LEVEL = s;
				GCC_PREPROCESSOR_DEFINITIONS = (
					"PHYSICS_LOOP_BACK",
				);
				GCC_SYMBOLS_PRIVATE_EXTERN = NO;
				GCC_WARN_ABOUT_RETURN_TYPE = YES;
				GCC_WARN_UNUSED_VARIABLE = YES;
				HEADER_SEARCH_PATHS = (
					"../../src",
					"../../examples",
					"../../examples/ThirdPartyLibs",
				);
				OBJROOT = "obj/x64/Release/Test_PhysicsServerLoopBack";
				ONLY_ACTIVE_ARCH = NO;
				OTHER_CFLAGS = (
					"-ffast-math",
				);
				STANDARD_C_PLUS_PLUS_LIBRARY_TYPE = static;
				SYMROOT = "../../bin";
			};
			name = "Release";
		};
		3A980D771CE451A466632036 /* Debug */ = {
			isa = XCBuildConfiguration;
			buildSettings = {
				ARCHS = "$(ARCHS_STANDARD_32_BIT) $(ARCHS_STANDARD_64_BIT)";
				VALID_ARCHS = "x86_64 i386";
				SDKROOT = macosx;
				ARCHS = "x86_64";
				CONFIGURATION_BUILD_DIR = "$(SYMROOT)";
				CONFIGURATION_TEMP_DIR = "$(OBJROOT)";
				COPY_PHASE_STRIP = NO;
				GCC_C_LANGUAGE_STANDARD = gnu99;
				GCC_OPTIMIZATION_LEVEL = 0;
				GCC_PREPROCESSOR_DEFINITIONS = (
					"_DEBUG=1",
					"PHYSICS_LOOP_BACK",
				);
				GCC_SYMBOLS_PRIVATE_EXTERN = NO;
				GCC_WARN_ABOUT_RETURN_TYPE = YES;
				GCC_WARN_UNUSED_VARIABLE = YES;
				HEADER_SEARCH_PATHS = (
					"../../src",
					"../../examples",
					"../../examples/ThirdPartyLibs",
				);
				OBJROOT = "obj/x64/Debug/Test_PhysicsServerLoopBack";
				ONLY_ACTIVE_ARCH = YES;
				OTHER_CFLAGS = (
					"-ffast-math",
				);
				STANDARD_C_PLUS_PLUS_LIBRARY_TYPE = static;
				SYMROOT = "../../bin";
			};
			name = "Debug";
		};
/* End XCBuildConfiguration section */

/* Begin XCConfigurationList section */
		5905070D0D8E08A92E230FC6 /* Build configuration list for PBXNativeTarget "Test_PhysicsServerLoopBack_xcode4_x64_release" */ = {
			isa = XCConfigurationList;
			buildConfigurations = (
				2E5E35132E2D2FC80A56200A /* Release */,
				001449DC4AEB321112295EF1 /* Debug */,
			);
			defaultConfigurationIsVisible = 0;
			defaultConfigurationName = "Release";
		};
		1DEB928908733DD80010E9CD /* Build configuration list for PBXProject "Test_PhysicsServerLoopBack" */ = {
			isa = XCConfigurationList;
			buildConfigurations = (
				1E941A5E122B45EC349749D2 /* Release */,
				3A980D771CE451A466632036 /* Debug */,
			);
			defaultConfigurationIsVisible = 0;
			defaultConfigurationName = "Release";
		};
/* End XCConfigurationList section */

	};
	rootObject = 08FB7793FE84155DC02AAC07 /* Project object */;
}
