// !$*UTF8*$!
{
	archiveVersion = 1;
	classes = {
	};
	objectVersion = 45;
	objects = {

/* Begin PBXBuildFile section */
		2026591671655BC224E148A7 /* TestList.cpp in Sources */ = {isa = PBXBuildFile; fileRef = 07A368FF7EEE3B657D6521F2 /* TestList.cpp */; };
		2F1344344F96232C526240A0 /* Test_3x3getRot.cpp in Sources */ = {isa = PBXBuildFile; fileRef = 4A3966E366E27F9928E153D8 /* Test_3x3getRot.cpp */; };
		420637AD403F6CB77B932589 /* Test_3x3mulM.cpp in Sources */ = {isa = PBXBuildFile; fileRef = 4BD935C05D57189A58683C10 /* Test_3x3mulM.cpp */; };
		71FE779B023900F2223B0683 /* Test_3x3mulM1M2.cpp in Sources */ = {isa = PBXBuildFile; fileRef = 02951EF37B8025DE4F265620 /* Test_3x3mulM1M2.cpp */; };
		2675049B658913CF2B7E0F9F /* Test_3x3mulMV.cpp in Sources */ = {isa = PBXBuildFile; fileRef = 4A2D6618505106407EB747D7 /* Test_3x3mulMV.cpp */; };
		5A655DB202F8121524223ED3 /* Test_3x3mulVM.cpp in Sources */ = {isa = PBXBuildFile; fileRef = 62062E8C764741B502B94482 /* Test_3x3mulVM.cpp */; };
		2BC2785F32A23A5F6F0D7E67 /* Test_3x3setRot.cpp in Sources */ = {isa = PBXBuildFile; fileRef = 732C65810DFA3DF532CE2FDA /* Test_3x3setRot.cpp */; };
		2DD31AB6244D5931490D3090 /* Test_3x3timesTranspose.cpp in Sources */ = {isa = PBXBuildFile; fileRef = 46295B8E6B8A43775D390A10 /* Test_3x3timesTranspose.cpp */; };
		5A2E0A4616BE3DC900DC0FFE /* Test_3x3transpose.cpp in Sources */ = {isa = PBXBuildFile; fileRef = 162619AC0B9D787B72DD2C94 /* Test_3x3transpose.cpp */; };
		6F0130F805A2042814C92150 /* Test_3x3transposeTimes.cpp in Sources */ = {isa = PBXBuildFile; fileRef = 04C668391EB940281F883E38 /* Test_3x3transposeTimes.cpp */; };
		66A63EFF7DA912D83B4165A7 /* Test_btDbvt.cpp in Sources */ = {isa = PBXBuildFile; fileRef = 09432B6C5F380827601F1EE5 /* Test_btDbvt.cpp */; };
		53DA25C87C5A28CF48212EAD /* Test_dot3.cpp in Sources */ = {isa = PBXBuildFile; fileRef = 4E785E7D0D0B68121B4D1BD5 /* Test_dot3.cpp */; };
		543D7C276B660AE025C614F6 /* Test_maxdot.cpp in Sources */ = {isa = PBXBuildFile; fileRef = 77C8000900F84E5D3E536ED2 /* Test_maxdot.cpp */; };
		3AC861EC04EF002B39527253 /* Test_mindot.cpp in Sources */ = {isa = PBXBuildFile; fileRef = 44C649D0117208F1472973DD /* Test_mindot.cpp */; };
		2FAB05C011F1178E04F705B5 /* Test_qtdot.cpp in Sources */ = {isa = PBXBuildFile; fileRef = 582709827721547032C46AB7 /* Test_qtdot.cpp */; };
		09971E584ED8749717A96166 /* Test_qtmul.cpp in Sources */ = {isa = PBXBuildFile; fileRef = 523E2583556A26892B0B6764 /* Test_qtmul.cpp */; };
		6CC444951EA64C5627B223E6 /* Test_qtmulQV3.cpp in Sources */ = {isa = PBXBuildFile; fileRef = 365C7CDA749425FD3A081455 /* Test_qtmulQV3.cpp */; };
		60063A8F0E526697716F36F1 /* Test_qtmulV3Q.cpp in Sources */ = {isa = PBXBuildFile; fileRef = 10D33ED53D365E18189B7F0B /* Test_qtmulV3Q.cpp */; };
		5B06741C091C20F6019B0A04 /* Test_qtnorm.cpp in Sources */ = {isa = PBXBuildFile; fileRef = 090E7DB11FD043411A8549CD /* Test_qtnorm.cpp */; };
		47554F89643F6B021181507C /* Test_quat_aos_neon.cpp in Sources */ = {isa = PBXBuildFile; fileRef = 358E10833A6C48EB5B7B1D0B /* Test_quat_aos_neon.cpp */; };
		469518FB37FA229F05FE6C77 /* Test_v3cross.cpp in Sources */ = {isa = PBXBuildFile; fileRef = 290E59F9000352B632984191 /* Test_v3cross.cpp */; };
		330A15A51361069412965B08 /* Test_v3div.cpp in Sources */ = {isa = PBXBuildFile; fileRef = 0A251C0D1C4C70C93B35151B /* Test_v3div.cpp */; };
		4D7B552254BF78C02E070E96 /* Test_v3dot.cpp in Sources */ = {isa = PBXBuildFile; fileRef = 4BA27EE710B9772E6F34692A /* Test_v3dot.cpp */; };
		1D2F01C07D6176082B1668D6 /* Test_v3interp.cpp in Sources */ = {isa = PBXBuildFile; fileRef = 126E7FD92D6F09E265500BF1 /* Test_v3interp.cpp */; };
		4D8F6BB748503185245837B7 /* Test_v3lerp.cpp in Sources */ = {isa = PBXBuildFile; fileRef = 1DD25D4C58766A75443D00EF /* Test_v3lerp.cpp */; };
		7B63530908E11F5F551A5405 /* Test_v3norm.cpp in Sources */ = {isa = PBXBuildFile; fileRef = 5ABE7C55404A5F460F876C30 /* Test_v3norm.cpp */; };
		3096075B785D466E76C91730 /* Test_v3rotate.cpp in Sources */ = {isa = PBXBuildFile; fileRef = 5D6335393AF40E2A27D855F4 /* Test_v3rotate.cpp */; };
		50C56BC35C25167F7FFD3F1F /* Test_v3sdiv.cpp in Sources */ = {isa = PBXBuildFile; fileRef = 4EE60D79044A38982DEE244F /* Test_v3sdiv.cpp */; };
		545061CD162D206D6A3408A9 /* Test_v3skew.cpp in Sources */ = {isa = PBXBuildFile; fileRef = 640F554F739E36B8159B0B25 /* Test_v3skew.cpp */; };
		19A74E7235BD3CB7362D7777 /* Test_v3triple.cpp in Sources */ = {isa = PBXBuildFile; fileRef = 624745165B36482B226B307F /* Test_v3triple.cpp */; };
		43D776C675120CB967DF7567 /* Utils.cpp in Sources */ = {isa = PBXBuildFile; fileRef = 51316F8336361AD274DD64AD /* Utils.cpp */; };
		14530AF3762736580A436CFE /* main.cpp in Sources */ = {isa = PBXBuildFile; fileRef = 5EFC1AE55C642E041884071D /* main.cpp */; };
		739C147C718C287E17F41677 /* libBulletDynamics.a in Frameworks */ = {isa = PBXBuildFile; fileRef = 10AD4EDB3CBB19716DF45222 /* libBulletDynamics.a */; };
		00DC154026AF2E1E5DD90302 /* libBulletCollision.a in Frameworks */ = {isa = PBXBuildFile; fileRef = 62F81A64433E205D70C11EA1 /* libBulletCollision.a */; };
		460654525FB221CB54DC3CBC /* libLinearMath.a in Frameworks */ = {isa = PBXBuildFile; fileRef = 0D645D7A1DC26BD16CF570EA /* libLinearMath.a */; };
/* End PBXBuildFile section */

/* Begin PBXContainerItemProxy section */
		2F4566CF487053B310996495 /* PBXContainerItemProxy */ = {
			isa = PBXContainerItemProxy;
			containerPortal = 567743193872681B7F695994 /* BulletDynamics.xcodeproj */;
			proxyType = 2;
			remoteGlobalIDString = 63D618611E0F73DE78D64E1C;
			remoteInfo = "libBulletDynamics_xcode4_x64_release.a";
		};
		2D9F362749220A8F5FFD0CB1 /* PBXContainerItemProxy */ = {
			isa = PBXContainerItemProxy;
			containerPortal = 567743193872681B7F695994 /* BulletDynamics.xcodeproj */;
			proxyType = 1;
			remoteGlobalIDString = 3FE0154E530C70E6397D7380;
			remoteInfo = "libBulletDynamics_xcode4_x64_release.a";
		};
		6680756169561FFC615A154B /* PBXContainerItemProxy */ = {
			isa = PBXContainerItemProxy;
			containerPortal = 15E23C6405F52FC9713D78C3 /* BulletCollision.xcodeproj */;
			proxyType = 2;
			remoteGlobalIDString = 591B36A712485B41166A498A;
			remoteInfo = "libBulletCollision_xcode4_x64_release.a";
		};
		0CC0406332F378BF46BB2A7A /* PBXContainerItemProxy */ = {
			isa = PBXContainerItemProxy;
			containerPortal = 15E23C6405F52FC9713D78C3 /* BulletCollision.xcodeproj */;
			proxyType = 1;
			remoteGlobalIDString = 409C707B3392575B24DF3A11;
			remoteInfo = "libBulletCollision_xcode4_x64_release.a";
		};
		3658759C08C40DDB551D1FBF /* PBXContainerItemProxy */ = {
			isa = PBXContainerItemProxy;
			containerPortal = 0B9238292E48339C51CA2D33 /* LinearMath.xcodeproj */;
			proxyType = 2;
			remoteGlobalIDString = 3CA8791B026E09445FA30281;
			remoteInfo = "libLinearMath_xcode4_x64_release.a";
		};
		6CBE318148203DDD313342D2 /* PBXContainerItemProxy */ = {
			isa = PBXContainerItemProxy;
			containerPortal = 0B9238292E48339C51CA2D33 /* LinearMath.xcodeproj */;
			proxyType = 1;
			remoteGlobalIDString = 1E25371819B56A5052A71028;
			remoteInfo = "libLinearMath_xcode4_x64_release.a";
		};
/* End PBXContainerItemProxy section */

/* Begin PBXFileReference section */
		07A368FF7EEE3B657D6521F2 /* TestList.cpp */ = {isa = PBXFileReference; lastKnownFileType = sourcecode.cpp.cpp; name = "TestList.cpp"; path = "../../test/Bullet2/Source/TestList.cpp"; sourceTree = "<group>"; };
		6300231543707B700AC108B4 /* TestList.h */ = {isa = PBXFileReference; lastKnownFileType = sourcecode.c.h; name = "TestList.h"; path = "../../test/Bullet2/Source/TestList.h"; sourceTree = "<group>"; };
		4A3966E366E27F9928E153D8 /* Test_3x3getRot.cpp */ = {isa = PBXFileReference; lastKnownFileType = sourcecode.cpp.cpp; name = "Test_3x3getRot.cpp"; path = "../../test/Bullet2/Source/Tests/Test_3x3getRot.cpp"; sourceTree = "<group>"; };
		5DC6247878014A2A14821B29 /* Test_3x3getRot.h */ = {isa = PBXFileReference; lastKnownFileType = sourcecode.c.h; name = "Test_3x3getRot.h"; path = "../../test/Bullet2/Source/Tests/Test_3x3getRot.h"; sourceTree = "<group>"; };
		4BD935C05D57189A58683C10 /* Test_3x3mulM.cpp */ = {isa = PBXFileReference; lastKnownFileType = sourcecode.cpp.cpp; name = "Test_3x3mulM.cpp"; path = "../../test/Bullet2/Source/Tests/Test_3x3mulM.cpp"; sourceTree = "<group>"; };
		4C12528318B91A44699D545A /* Test_3x3mulM.h */ = {isa = PBXFileReference; lastKnownFileType = sourcecode.c.h; name = "Test_3x3mulM.h"; path = "../../test/Bullet2/Source/Tests/Test_3x3mulM.h"; sourceTree = "<group>"; };
		02951EF37B8025DE4F265620 /* Test_3x3mulM1M2.cpp */ = {isa = PBXFileReference; lastKnownFileType = sourcecode.cpp.cpp; name = "Test_3x3mulM1M2.cpp"; path = "../../test/Bullet2/Source/Tests/Test_3x3mulM1M2.cpp"; sourceTree = "<group>"; };
		0825724059F9042D4A4719E2 /* Test_3x3mulM1M2.h */ = {isa = PBXFileReference; lastKnownFileType = sourcecode.c.h; name = "Test_3x3mulM1M2.h"; path = "../../test/Bullet2/Source/Tests/Test_3x3mulM1M2.h"; sourceTree = "<group>"; };
		4A2D6618505106407EB747D7 /* Test_3x3mulMV.cpp */ = {isa = PBXFileReference; lastKnownFileType = sourcecode.cpp.cpp; name = "Test_3x3mulMV.cpp"; path = "../../test/Bullet2/Source/Tests/Test_3x3mulMV.cpp"; sourceTree = "<group>"; };
		40DE5BF41D353B4F67D42F43 /* Test_3x3mulMV.h */ = {isa = PBXFileReference; lastKnownFileType = sourcecode.c.h; name = "Test_3x3mulMV.h"; path = "../../test/Bullet2/Source/Tests/Test_3x3mulMV.h"; sourceTree = "<group>"; };
		62062E8C764741B502B94482 /* Test_3x3mulVM.cpp */ = {isa = PBXFileReference; lastKnownFileType = sourcecode.cpp.cpp; name = "Test_3x3mulVM.cpp"; path = "../../test/Bullet2/Source/Tests/Test_3x3mulVM.cpp"; sourceTree = "<group>"; };
		18FD1C13650952270AFE4D16 /* Test_3x3mulVM.h */ = {isa = PBXFileReference; lastKnownFileType = sourcecode.c.h; name = "Test_3x3mulVM.h"; path = "../../test/Bullet2/Source/Tests/Test_3x3mulVM.h"; sourceTree = "<group>"; };
		732C65810DFA3DF532CE2FDA /* Test_3x3setRot.cpp */ = {isa = PBXFileReference; lastKnownFileType = sourcecode.cpp.cpp; name = "Test_3x3setRot.cpp"; path = "../../test/Bullet2/Source/Tests/Test_3x3setRot.cpp"; sourceTree = "<group>"; };
		319167B007DE16E135035D8A /* Test_3x3setRot.h */ = {isa = PBXFileReference; lastKnownFileType = sourcecode.c.h; name = "Test_3x3setRot.h"; path = "../../test/Bullet2/Source/Tests/Test_3x3setRot.h"; sourceTree = "<group>"; };
		46295B8E6B8A43775D390A10 /* Test_3x3timesTranspose.cpp */ = {isa = PBXFileReference; lastKnownFileType = sourcecode.cpp.cpp; name = "Test_3x3timesTranspose.cpp"; path = "../../test/Bullet2/Source/Tests/Test_3x3timesTranspose.cpp"; sourceTree = "<group>"; };
		3E2316277EF8660C3E081C83 /* Test_3x3timesTranspose.h */ = {isa = PBXFileReference; lastKnownFileType = sourcecode.c.h; name = "Test_3x3timesTranspose.h"; path = "../../test/Bullet2/Source/Tests/Test_3x3timesTranspose.h"; sourceTree = "<group>"; };
		162619AC0B9D787B72DD2C94 /* Test_3x3transpose.cpp */ = {isa = PBXFileReference; lastKnownFileType = sourcecode.cpp.cpp; name = "Test_3x3transpose.cpp"; path = "../../test/Bullet2/Source/Tests/Test_3x3transpose.cpp"; sourceTree = "<group>"; };
		20A33A3653CA1033371B5244 /* Test_3x3transpose.h */ = {isa = PBXFileReference; lastKnownFileType = sourcecode.c.h; name = "Test_3x3transpose.h"; path = "../../test/Bullet2/Source/Tests/Test_3x3transpose.h"; sourceTree = "<group>"; };
		04C668391EB940281F883E38 /* Test_3x3transposeTimes.cpp */ = {isa = PBXFileReference; lastKnownFileType = sourcecode.cpp.cpp; name = "Test_3x3transposeTimes.cpp"; path = "../../test/Bullet2/Source/Tests/Test_3x3transposeTimes.cpp"; sourceTree = "<group>"; };
		0BEF10F96D3959FC654059C4 /* Test_3x3transposeTimes.h */ = {isa = PBXFileReference; lastKnownFileType = sourcecode.c.h; name = "Test_3x3transposeTimes.h"; path = "../../test/Bullet2/Source/Tests/Test_3x3transposeTimes.h"; sourceTree = "<group>"; };
		09432B6C5F380827601F1EE5 /* Test_btDbvt.cpp */ = {isa = PBXFileReference; lastKnownFileType = sourcecode.cpp.cpp; name = "Test_btDbvt.cpp"; path = "../../test/Bullet2/Source/Tests/Test_btDbvt.cpp"; sourceTree = "<group>"; };
		47DD2F1B447E67BE7EE24313 /* Test_btDbvt.h */ = {isa = PBXFileReference; lastKnownFileType = sourcecode.c.h; name = "Test_btDbvt.h"; path = "../../test/Bullet2/Source/Tests/Test_btDbvt.h"; sourceTree = "<group>"; };
		4E785E7D0D0B68121B4D1BD5 /* Test_dot3.cpp */ = {isa = PBXFileReference; lastKnownFileType = sourcecode.cpp.cpp; name = "Test_dot3.cpp"; path = "../../test/Bullet2/Source/Tests/Test_dot3.cpp"; sourceTree = "<group>"; };
		6D671E6257213E310A2A6D7E /* Test_dot3.h */ = {isa = PBXFileReference; lastKnownFileType = sourcecode.c.h; name = "Test_dot3.h"; path = "../../test/Bullet2/Source/Tests/Test_dot3.h"; sourceTree = "<group>"; };
		77C8000900F84E5D3E536ED2 /* Test_maxdot.cpp */ = {isa = PBXFileReference; lastKnownFileType = sourcecode.cpp.cpp; name = "Test_maxdot.cpp"; path = "../../test/Bullet2/Source/Tests/Test_maxdot.cpp"; sourceTree = "<group>"; };
		37B6259C45873D8E56E0205F /* Test_maxdot.h */ = {isa = PBXFileReference; lastKnownFileType = sourcecode.c.h; name = "Test_maxdot.h"; path = "../../test/Bullet2/Source/Tests/Test_maxdot.h"; sourceTree = "<group>"; };
		44C649D0117208F1472973DD /* Test_mindot.cpp */ = {isa = PBXFileReference; lastKnownFileType = sourcecode.cpp.cpp; name = "Test_mindot.cpp"; path = "../../test/Bullet2/Source/Tests/Test_mindot.cpp"; sourceTree = "<group>"; };
		2EA77E1A04FA5F596FD34096 /* Test_mindot.h */ = {isa = PBXFileReference; lastKnownFileType = sourcecode.c.h; name = "Test_mindot.h"; path = "../../test/Bullet2/Source/Tests/Test_mindot.h"; sourceTree = "<group>"; };
		582709827721547032C46AB7 /* Test_qtdot.cpp */ = {isa = PBXFileReference; lastKnownFileType = sourcecode.cpp.cpp; name = "Test_qtdot.cpp"; path = "../../test/Bullet2/Source/Tests/Test_qtdot.cpp"; sourceTree = "<group>"; };
		50D43C3353BF5D3379F17DA4 /* Test_qtdot.h */ = {isa = PBXFileReference; lastKnownFileType = sourcecode.c.h; name = "Test_qtdot.h"; path = "../../test/Bullet2/Source/Tests/Test_qtdot.h"; sourceTree = "<group>"; };
		523E2583556A26892B0B6764 /* Test_qtmul.cpp */ = {isa = PBXFileReference; lastKnownFileType = sourcecode.cpp.cpp; name = "Test_qtmul.cpp"; path = "../../test/Bullet2/Source/Tests/Test_qtmul.cpp"; sourceTree = "<group>"; };
		123908796B20161557E32819 /* Test_qtmul.h */ = {isa = PBXFileReference; lastKnownFileType = sourcecode.c.h; name = "Test_qtmul.h"; path = "../../test/Bullet2/Source/Tests/Test_qtmul.h"; sourceTree = "<group>"; };
		365C7CDA749425FD3A081455 /* Test_qtmulQV3.cpp */ = {isa = PBXFileReference; lastKnownFileType = sourcecode.cpp.cpp; name = "Test_qtmulQV3.cpp"; path = "../../test/Bullet2/Source/Tests/Test_qtmulQV3.cpp"; sourceTree = "<group>"; };
		5CFE3E3862CA456B79635B10 /* Test_qtmulQV3.h */ = {isa = PBXFileReference; lastKnownFileType = sourcecode.c.h; name = "Test_qtmulQV3.h"; path = "../../test/Bullet2/Source/Tests/Test_qtmulQV3.h"; sourceTree = "<group>"; };
		10D33ED53D365E18189B7F0B /* Test_qtmulV3Q.cpp */ = {isa = PBXFileReference; lastKnownFileType = sourcecode.cpp.cpp; name = "Test_qtmulV3Q.cpp"; path = "../../test/Bullet2/Source/Tests/Test_qtmulV3Q.cpp"; sourceTree = "<group>"; };
		3697304E684F3E0D49A129ED /* Test_qtmulV3Q.h */ = {isa = PBXFileReference; lastKnownFileType = sourcecode.c.h; name = "Test_qtmulV3Q.h"; path = "../../test/Bullet2/Source/Tests/Test_qtmulV3Q.h"; sourceTree = "<group>"; };
		090E7DB11FD043411A8549CD /* Test_qtnorm.cpp */ = {isa = PBXFileReference; lastKnownFileType = sourcecode.cpp.cpp; name = "Test_qtnorm.cpp"; path = "../../test/Bullet2/Source/Tests/Test_qtnorm.cpp"; sourceTree = "<group>"; };
		155C075D724F30E920575F49 /* Test_qtnorm.h */ = {isa = PBXFileReference; lastKnownFileType = sourcecode.c.h; name = "Test_qtnorm.h"; path = "../../test/Bullet2/Source/Tests/Test_qtnorm.h"; sourceTree = "<group>"; };
		358E10833A6C48EB5B7B1D0B /* Test_quat_aos_neon.cpp */ = {isa = PBXFileReference; lastKnownFileType = sourcecode.cpp.cpp; name = "Test_quat_aos_neon.cpp"; path = "../../test/Bullet2/Source/Tests/Test_quat_aos_neon.cpp"; sourceTree = "<group>"; };
		26D1769E11F25FB25DC67B1E /* Test_quat_aos_neon.h */ = {isa = PBXFileReference; lastKnownFileType = sourcecode.c.h; name = "Test_quat_aos_neon.h"; path = "../../test/Bullet2/Source/Tests/Test_quat_aos_neon.h"; sourceTree = "<group>"; };
		290E59F9000352B632984191 /* Test_v3cross.cpp */ = {isa = PBXFileReference; lastKnownFileType = sourcecode.cpp.cpp; name = "Test_v3cross.cpp"; path = "../../test/Bullet2/Source/Tests/Test_v3cross.cpp"; sourceTree = "<group>"; };
		379807AD001C4B636A0F01B6 /* Test_v3cross.h */ = {isa = PBXFileReference; lastKnownFileType = sourcecode.c.h; name = "Test_v3cross.h"; path = "../../test/Bullet2/Source/Tests/Test_v3cross.h"; sourceTree = "<group>"; };
		0A251C0D1C4C70C93B35151B /* Test_v3div.cpp */ = {isa = PBXFileReference; lastKnownFileType = sourcecode.cpp.cpp; name = "Test_v3div.cpp"; path = "../../test/Bullet2/Source/Tests/Test_v3div.cpp"; sourceTree = "<group>"; };
		00DB3C82037D080B1B0A6B3C /* Test_v3div.h */ = {isa = PBXFileReference; lastKnownFileType = sourcecode.c.h; name = "Test_v3div.h"; path = "../../test/Bullet2/Source/Tests/Test_v3div.h"; sourceTree = "<group>"; };
		4BA27EE710B9772E6F34692A /* Test_v3dot.cpp */ = {isa = PBXFileReference; lastKnownFileType = sourcecode.cpp.cpp; name = "Test_v3dot.cpp"; path = "../../test/Bullet2/Source/Tests/Test_v3dot.cpp"; sourceTree = "<group>"; };
		4D3764444395226E737C7D42 /* Test_v3dot.h */ = {isa = PBXFileReference; lastKnownFileType = sourcecode.c.h; name = "Test_v3dot.h"; path = "../../test/Bullet2/Source/Tests/Test_v3dot.h"; sourceTree = "<group>"; };
		126E7FD92D6F09E265500BF1 /* Test_v3interp.cpp */ = {isa = PBXFileReference; lastKnownFileType = sourcecode.cpp.cpp; name = "Test_v3interp.cpp"; path = "../../test/Bullet2/Source/Tests/Test_v3interp.cpp"; sourceTree = "<group>"; };
		60192A0E08B326D449AE6B1C /* Test_v3interp.h */ = {isa = PBXFileReference; lastKnownFileType = sourcecode.c.h; name = "Test_v3interp.h"; path = "../../test/Bullet2/Source/Tests/Test_v3interp.h"; sourceTree = "<group>"; };
		1DD25D4C58766A75443D00EF /* Test_v3lerp.cpp */ = {isa = PBXFileReference; lastKnownFileType = sourcecode.cpp.cpp; name = "Test_v3lerp.cpp"; path = "../../test/Bullet2/Source/Tests/Test_v3lerp.cpp"; sourceTree = "<group>"; };
		0D1A4A4F27D32EBE73A37EF6 /* Test_v3lerp.h */ = {isa = PBXFileReference; lastKnownFileType = sourcecode.c.h; name = "Test_v3lerp.h"; path = "../../test/Bullet2/Source/Tests/Test_v3lerp.h"; sourceTree = "<group>"; };
		5ABE7C55404A5F460F876C30 /* Test_v3norm.cpp */ = {isa = PBXFileReference; lastKnownFileType = sourcecode.cpp.cpp; name = "Test_v3norm.cpp"; path = "../../test/Bullet2/Source/Tests/Test_v3norm.cpp"; sourceTree = "<group>"; };
		22E638C866D756800BD91386 /* Test_v3norm.h */ = {isa = PBXFileReference; lastKnownFileType = sourcecode.c.h; name = "Test_v3norm.h"; path = "../../test/Bullet2/Source/Tests/Test_v3norm.h"; sourceTree = "<group>"; };
		5D6335393AF40E2A27D855F4 /* Test_v3rotate.cpp */ = {isa = PBXFileReference; lastKnownFileType = sourcecode.cpp.cpp; name = "Test_v3rotate.cpp"; path = "../../test/Bullet2/Source/Tests/Test_v3rotate.cpp"; sourceTree = "<group>"; };
		5D335524679A5CDA2931770C /* Test_v3rotate.h */ = {isa = PBXFileReference; lastKnownFileType = sourcecode.c.h; name = "Test_v3rotate.h"; path = "../../test/Bullet2/Source/Tests/Test_v3rotate.h"; sourceTree = "<group>"; };
		4EE60D79044A38982DEE244F /* Test_v3sdiv.cpp */ = {isa = PBXFileReference; lastKnownFileType = sourcecode.cpp.cpp; name = "Test_v3sdiv.cpp"; path = "../../test/Bullet2/Source/Tests/Test_v3sdiv.cpp"; sourceTree = "<group>"; };
		2F9C43BF65FF547958B621E5 /* Test_v3sdiv.h */ = {isa = PBXFileReference; lastKnownFileType = sourcecode.c.h; name = "Test_v3sdiv.h"; path = "../../test/Bullet2/Source/Tests/Test_v3sdiv.h"; sourceTree = "<group>"; };
		640F554F739E36B8159B0B25 /* Test_v3skew.cpp */ = {isa = PBXFileReference; lastKnownFileType = sourcecode.cpp.cpp; name = "Test_v3skew.cpp"; path = "../../test/Bullet2/Source/Tests/Test_v3skew.cpp"; sourceTree = "<group>"; };
		43D02B401BA030E7346A20FD /* Test_v3skew.h */ = {isa = PBXFileReference; lastKnownFileType = sourcecode.c.h; name = "Test_v3skew.h"; path = "../../test/Bullet2/Source/Tests/Test_v3skew.h"; sourceTree = "<group>"; };
		624745165B36482B226B307F /* Test_v3triple.cpp */ = {isa = PBXFileReference; lastKnownFileType = sourcecode.cpp.cpp; name = "Test_v3triple.cpp"; path = "../../test/Bullet2/Source/Tests/Test_v3triple.cpp"; sourceTree = "<group>"; };
		40E84EF9426F2F1F571F4A34 /* Test_v3triple.h */ = {isa = PBXFileReference; lastKnownFileType = sourcecode.c.h; name = "Test_v3triple.h"; path = "../../test/Bullet2/Source/Tests/Test_v3triple.h"; sourceTree = "<group>"; };
		51316F8336361AD274DD64AD /* Utils.cpp */ = {isa = PBXFileReference; lastKnownFileType = sourcecode.cpp.cpp; name = "Utils.cpp"; path = "../../test/Bullet2/Source/Utils.cpp"; sourceTree = "<group>"; };
		44A130155F994F1F1FA44EF5 /* Utils.h */ = {isa = PBXFileReference; lastKnownFileType = sourcecode.c.h; name = "Utils.h"; path = "../../test/Bullet2/Source/Utils.h"; sourceTree = "<group>"; };
		579C5D077F0F6E3419776F03 /* btIntDefines.h */ = {isa = PBXFileReference; lastKnownFileType = sourcecode.c.h; name = "btIntDefines.h"; path = "../../test/Bullet2/Source/btIntDefines.h"; sourceTree = "<group>"; };
		5EFC1AE55C642E041884071D /* main.cpp */ = {isa = PBXFileReference; lastKnownFileType = sourcecode.cpp.cpp; name = "main.cpp"; path = "../../test/Bullet2/Source/main.cpp"; sourceTree = "<group>"; };
		55731919638274C0211904ED /* main.h */ = {isa = PBXFileReference; lastKnownFileType = sourcecode.c.h; name = "main.h"; path = "../../test/Bullet2/Source/main.h"; sourceTree = "<group>"; };
		6DD401AE6683304A5FDA697B /* vector.h */ = {isa = PBXFileReference; lastKnownFileType = sourcecode.c.h; name = "vector.h"; path = "../../test/Bullet2/Source/vector.h"; sourceTree = "<group>"; };
		5C8C7EA46A2F51A34C8E24B2 /* Test_LinearMath_xcode4_x64_release */ = {isa = PBXFileReference; explicitFileType = "compiled.mach-o.executable"; includeInIndex = 0; name = "Test_LinearMath_xcode4_x64_release"; path = "Test_LinearMath_xcode4_x64_release"; sourceTree = BUILT_PRODUCTS_DIR; };
		567743193872681B7F695994 /* BulletDynamics.xcodeproj */ = {isa = PBXFileReference; lastKnownFileType = "wrapper.pb-project"; name = "BulletDynamics.xcodeproj"; path = "BulletDynamics.xcodeproj"; sourceTree = SOURCE_ROOT; };
		15E23C6405F52FC9713D78C3 /* BulletCollision.xcodeproj */ = {isa = PBXFileReference; lastKnownFileType = "wrapper.pb-project"; name = "BulletCollision.xcodeproj"; path = "BulletCollision.xcodeproj"; sourceTree = SOURCE_ROOT; };
		0B9238292E48339C51CA2D33 /* LinearMath.xcodeproj */ = {isa = PBXFileReference; lastKnownFileType = "wrapper.pb-project"; name = "LinearMath.xcodeproj"; path = "LinearMath.xcodeproj"; sourceTree = SOURCE_ROOT; };
/* End PBXFileReference section */

/* Begin PBXFrameworksBuildPhase section */
		399C4CDD5BDF4D6534BE2F34 /* Frameworks */ = {
			isa = PBXFrameworksBuildPhase;
			buildActionMask = 2147483647;
			files = (
				739C147C718C287E17F41677 /* libBulletDynamics.a in Frameworks */,
				00DC154026AF2E1E5DD90302 /* libBulletCollision.a in Frameworks */,
				460654525FB221CB54DC3CBC /* libLinearMath.a in Frameworks */,
			);
			runOnlyForDeploymentPostprocessing = 0;
		};
/* End PBXFrameworksBuildPhase section */

/* Begin PBXGroup section */
		1ECB38BD012F6DD83F1253DE /* Test_LinearMath */ = {
			isa = PBXGroup;
			children = (
				266F79F633815D192A5A1960 /* test */,
				29C223BD6C827923785C03B1 /* Products */,
				5FE07FDE7FB416EB43C54874 /* Projects */,
			);
			name = "Test_LinearMath";
			sourceTree = "<group>";
		};
		266F79F633815D192A5A1960 /* test */ = {
			isa = PBXGroup;
			children = (
				08B6691B1CCE331E0B383485 /* Bullet2 */,
			);
			name = "test";
			sourceTree = "<group>";
		};
		08B6691B1CCE331E0B383485 /* Bullet2 */ = {
			isa = PBXGroup;
			children = (
				293630EF3DD656962B43777A /* Source */,
			);
			name = "Bullet2";
			sourceTree = "<group>";
		};
		293630EF3DD656962B43777A /* Source */ = {
			isa = PBXGroup;
			children = (
				07A368FF7EEE3B657D6521F2 /* TestList.cpp */,
				6300231543707B700AC108B4 /* TestList.h */,
				621033D863C61B8E20B95FB8 /* Tests */,
				51316F8336361AD274DD64AD /* Utils.cpp */,
				44A130155F994F1F1FA44EF5 /* Utils.h */,
				579C5D077F0F6E3419776F03 /* btIntDefines.h */,
				5EFC1AE55C642E041884071D /* main.cpp */,
				55731919638274C0211904ED /* main.h */,
				6DD401AE6683304A5FDA697B /* vector.h */,
			);
			name = "Source";
			sourceTree = "<group>";
		};
		621033D863C61B8E20B95FB8 /* Tests */ = {
			isa = PBXGroup;
			children = (
				4A3966E366E27F9928E153D8 /* Test_3x3getRot.cpp */,
				5DC6247878014A2A14821B29 /* Test_3x3getRot.h */,
				4BD935C05D57189A58683C10 /* Test_3x3mulM.cpp */,
				4C12528318B91A44699D545A /* Test_3x3mulM.h */,
				02951EF37B8025DE4F265620 /* Test_3x3mulM1M2.cpp */,
				0825724059F9042D4A4719E2 /* Test_3x3mulM1M2.h */,
				4A2D6618505106407EB747D7 /* Test_3x3mulMV.cpp */,
				40DE5BF41D353B4F67D42F43 /* Test_3x3mulMV.h */,
				62062E8C764741B502B94482 /* Test_3x3mulVM.cpp */,
				18FD1C13650952270AFE4D16 /* Test_3x3mulVM.h */,
				732C65810DFA3DF532CE2FDA /* Test_3x3setRot.cpp */,
				319167B007DE16E135035D8A /* Test_3x3setRot.h */,
				46295B8E6B8A43775D390A10 /* Test_3x3timesTranspose.cpp */,
				3E2316277EF8660C3E081C83 /* Test_3x3timesTranspose.h */,
				162619AC0B9D787B72DD2C94 /* Test_3x3transpose.cpp */,
				20A33A3653CA1033371B5244 /* Test_3x3transpose.h */,
				04C668391EB940281F883E38 /* Test_3x3transposeTimes.cpp */,
				0BEF10F96D3959FC654059C4 /* Test_3x3transposeTimes.h */,
				09432B6C5F380827601F1EE5 /* Test_btDbvt.cpp */,
				47DD2F1B447E67BE7EE24313 /* Test_btDbvt.h */,
				4E785E7D0D0B68121B4D1BD5 /* Test_dot3.cpp */,
				6D671E6257213E310A2A6D7E /* Test_dot3.h */,
				77C8000900F84E5D3E536ED2 /* Test_maxdot.cpp */,
				37B6259C45873D8E56E0205F /* Test_maxdot.h */,
				44C649D0117208F1472973DD /* Test_mindot.cpp */,
				2EA77E1A04FA5F596FD34096 /* Test_mindot.h */,
				582709827721547032C46AB7 /* Test_qtdot.cpp */,
				50D43C3353BF5D3379F17DA4 /* Test_qtdot.h */,
				523E2583556A26892B0B6764 /* Test_qtmul.cpp */,
				123908796B20161557E32819 /* Test_qtmul.h */,
				365C7CDA749425FD3A081455 /* Test_qtmulQV3.cpp */,
				5CFE3E3862CA456B79635B10 /* Test_qtmulQV3.h */,
				10D33ED53D365E18189B7F0B /* Test_qtmulV3Q.cpp */,
				3697304E684F3E0D49A129ED /* Test_qtmulV3Q.h */,
				090E7DB11FD043411A8549CD /* Test_qtnorm.cpp */,
				155C075D724F30E920575F49 /* Test_qtnorm.h */,
				358E10833A6C48EB5B7B1D0B /* Test_quat_aos_neon.cpp */,
				26D1769E11F25FB25DC67B1E /* Test_quat_aos_neon.h */,
				290E59F9000352B632984191 /* Test_v3cross.cpp */,
				379807AD001C4B636A0F01B6 /* Test_v3cross.h */,
				0A251C0D1C4C70C93B35151B /* Test_v3div.cpp */,
				00DB3C82037D080B1B0A6B3C /* Test_v3div.h */,
				4BA27EE710B9772E6F34692A /* Test_v3dot.cpp */,
				4D3764444395226E737C7D42 /* Test_v3dot.h */,
				126E7FD92D6F09E265500BF1 /* Test_v3interp.cpp */,
				60192A0E08B326D449AE6B1C /* Test_v3interp.h */,
				1DD25D4C58766A75443D00EF /* Test_v3lerp.cpp */,
				0D1A4A4F27D32EBE73A37EF6 /* Test_v3lerp.h */,
				5ABE7C55404A5F460F876C30 /* Test_v3norm.cpp */,
				22E638C866D756800BD91386 /* Test_v3norm.h */,
				5D6335393AF40E2A27D855F4 /* Test_v3rotate.cpp */,
				5D335524679A5CDA2931770C /* Test_v3rotate.h */,
				4EE60D79044A38982DEE244F /* Test_v3sdiv.cpp */,
				2F9C43BF65FF547958B621E5 /* Test_v3sdiv.h */,
				640F554F739E36B8159B0B25 /* Test_v3skew.cpp */,
				43D02B401BA030E7346A20FD /* Test_v3skew.h */,
				624745165B36482B226B307F /* Test_v3triple.cpp */,
				40E84EF9426F2F1F571F4A34 /* Test_v3triple.h */,
			);
			name = "Tests";
			sourceTree = "<group>";
		};
		29C223BD6C827923785C03B1 /* Products */ = {
			isa = PBXGroup;
			children = (
				5C8C7EA46A2F51A34C8E24B2 /* Test_LinearMath_xcode4_x64_release */,
			);
			name = "Products";
			sourceTree = "<group>";
		};
		5FE07FDE7FB416EB43C54874 /* Projects */ = {
			isa = PBXGroup;
			children = (
				567743193872681B7F695994 /* BulletDynamics.xcodeproj */,
				15E23C6405F52FC9713D78C3 /* BulletCollision.xcodeproj */,
				0B9238292E48339C51CA2D33 /* LinearMath.xcodeproj */,
			);
			name = "Projects";
			sourceTree = "<group>";
		};
		593A226877B325842BF662BC /* Products */ = {
			isa = PBXGroup;
			children = (
				10AD4EDB3CBB19716DF45222 /* libBulletDynamics.a */,
			);
			name = Products;
			sourceTree = "<group>";
		};
		7E9B216455163A93429954BB /* Products */ = {
			isa = PBXGroup;
			children = (
				62F81A64433E205D70C11EA1 /* libBulletCollision.a */,
			);
			name = Products;
			sourceTree = "<group>";
		};
		117922BF62B835A711A70F7C /* Products */ = {
			isa = PBXGroup;
			children = (
				0D645D7A1DC26BD16CF570EA /* libLinearMath.a */,
			);
			name = Products;
			sourceTree = "<group>";
		};
/* End PBXGroup section */

/* Begin PBXNativeTarget section */
		5DE045103F3C16594D202C62 /* Test_LinearMath */ = {
			isa = PBXNativeTarget;
			buildConfigurationList = 6E3158AE2B9D64BE19F532BB /* Build configuration list for PBXNativeTarget "Test_LinearMath" */;
			buildPhases = (
				19316468257C29087D8350FF /* Resources */,
				309A4EDC586E2CD10D076363 /* Sources */,
				399C4CDD5BDF4D6534BE2F34 /* Frameworks */,
			);
			buildRules = (
			);
			dependencies = (
				4E4669125BE809AD6FB621FF /* PBXTargetDependency */,
				6CB3142E159A6D6266BA3E27 /* PBXTargetDependency */,
				0B6F489C0AF014A17D71374C /* PBXTargetDependency */,
			);
			name = "Test_LinearMath";
			productInstallPath = "$(HOME)/bin";
			productName = "Test_LinearMath";
			productReference = 5C8C7EA46A2F51A34C8E24B2 /* Test_LinearMath_xcode4_x64_release */;
			productType = "com.apple.product-type.tool";
		};
/* End PBXNativeTarget section */

/* Begin PBXProject section */
		08FB7793FE84155DC02AAC07 /* Project object */ = {
			isa = PBXProject;
			buildConfigurationList = 1DEB928908733DD80010E9CD /* Build configuration list for PBXProject "Test_LinearMath" */;
			compatibilityVersion = "Xcode 3.2";
			hasScannedForEncodings = 1;
			mainGroup = 1ECB38BD012F6DD83F1253DE /* Test_LinearMath */;
			projectDirPath = "";
			projectReferences = (
				{
					ProductGroup = 593A226877B325842BF662BC /* Products */;
					ProjectRef = 567743193872681B7F695994 /* BulletDynamics.xcodeproj */;
				},
				{
					ProductGroup = 7E9B216455163A93429954BB /* Products */;
					ProjectRef = 15E23C6405F52FC9713D78C3 /* BulletCollision.xcodeproj */;
				},
				{
					ProductGroup = 117922BF62B835A711A70F7C /* Products */;
					ProjectRef = 0B9238292E48339C51CA2D33 /* LinearMath.xcodeproj */;
				},
			);
			projectRoot = "";
			targets = (
				5DE045103F3C16594D202C62 /* Test_LinearMath_xcode4_x64_release */,
			);
		};
/* End PBXProject section */

/* Begin PBXReferenceProxy section */
		10AD4EDB3CBB19716DF45222 /* libBulletDynamics.a */ = {
			isa = PBXReferenceProxy;
			fileType = archive.ar;
			path = "../../bin/libBulletDynamics.a";
			remoteRef = 2F4566CF487053B310996495 /* PBXContainerItemProxy */;
			sourceTree = BUILT_PRODUCTS_DIR;
		};
		62F81A64433E205D70C11EA1 /* libBulletCollision.a */ = {
			isa = PBXReferenceProxy;
			fileType = archive.ar;
			path = "../../bin/libBulletCollision.a";
			remoteRef = 6680756169561FFC615A154B /* PBXContainerItemProxy */;
			sourceTree = BUILT_PRODUCTS_DIR;
		};
		0D645D7A1DC26BD16CF570EA /* libLinearMath.a */ = {
			isa = PBXReferenceProxy;
			fileType = archive.ar;
			path = "../../bin/libLinearMath.a";
			remoteRef = 3658759C08C40DDB551D1FBF /* PBXContainerItemProxy */;
			sourceTree = BUILT_PRODUCTS_DIR;
		};
/* End PBXReferenceProxy section */

/* Begin PBXResourcesBuildPhase section */
		19316468257C29087D8350FF /* Resources */ = {
			isa = PBXResourcesBuildPhase;
			buildActionMask = 2147483647;
			files = (
			);
			runOnlyForDeploymentPostprocessing = 0;
		};
/* End PBXResourcesBuildPhase section */

/* Begin PBXSourcesBuildPhase section */
		309A4EDC586E2CD10D076363 /* Sources */ = {
			isa = PBXSourcesBuildPhase;
			buildActionMask = 2147483647;
			files = (
				2026591671655BC224E148A7 /* TestList.cpp in Sources */,
				2F1344344F96232C526240A0 /* Test_3x3getRot.cpp in Sources */,
				420637AD403F6CB77B932589 /* Test_3x3mulM.cpp in Sources */,
				71FE779B023900F2223B0683 /* Test_3x3mulM1M2.cpp in Sources */,
				2675049B658913CF2B7E0F9F /* Test_3x3mulMV.cpp in Sources */,
				5A655DB202F8121524223ED3 /* Test_3x3mulVM.cpp in Sources */,
				2BC2785F32A23A5F6F0D7E67 /* Test_3x3setRot.cpp in Sources */,
				2DD31AB6244D5931490D3090 /* Test_3x3timesTranspose.cpp in Sources */,
				5A2E0A4616BE3DC900DC0FFE /* Test_3x3transpose.cpp in Sources */,
				6F0130F805A2042814C92150 /* Test_3x3transposeTimes.cpp in Sources */,
				66A63EFF7DA912D83B4165A7 /* Test_btDbvt.cpp in Sources */,
				53DA25C87C5A28CF48212EAD /* Test_dot3.cpp in Sources */,
				543D7C276B660AE025C614F6 /* Test_maxdot.cpp in Sources */,
				3AC861EC04EF002B39527253 /* Test_mindot.cpp in Sources */,
				2FAB05C011F1178E04F705B5 /* Test_qtdot.cpp in Sources */,
				09971E584ED8749717A96166 /* Test_qtmul.cpp in Sources */,
				6CC444951EA64C5627B223E6 /* Test_qtmulQV3.cpp in Sources */,
				60063A8F0E526697716F36F1 /* Test_qtmulV3Q.cpp in Sources */,
				5B06741C091C20F6019B0A04 /* Test_qtnorm.cpp in Sources */,
				47554F89643F6B021181507C /* Test_quat_aos_neon.cpp in Sources */,
				469518FB37FA229F05FE6C77 /* Test_v3cross.cpp in Sources */,
				330A15A51361069412965B08 /* Test_v3div.cpp in Sources */,
				4D7B552254BF78C02E070E96 /* Test_v3dot.cpp in Sources */,
				1D2F01C07D6176082B1668D6 /* Test_v3interp.cpp in Sources */,
				4D8F6BB748503185245837B7 /* Test_v3lerp.cpp in Sources */,
				7B63530908E11F5F551A5405 /* Test_v3norm.cpp in Sources */,
				3096075B785D466E76C91730 /* Test_v3rotate.cpp in Sources */,
				50C56BC35C25167F7FFD3F1F /* Test_v3sdiv.cpp in Sources */,
				545061CD162D206D6A3408A9 /* Test_v3skew.cpp in Sources */,
				19A74E7235BD3CB7362D7777 /* Test_v3triple.cpp in Sources */,
				43D776C675120CB967DF7567 /* Utils.cpp in Sources */,
				14530AF3762736580A436CFE /* main.cpp in Sources */,
			);
			runOnlyForDeploymentPostprocessing = 0;
		};
/* End PBXSourcesBuildPhase section */

/* Begin PBXVariantGroup section */
/* End PBXVariantGroup section */

/* Begin PBXTargetDependency section */
		4E4669125BE809AD6FB621FF /* PBXTargetDependency */ = {
			isa = PBXTargetDependency;
			name = "libBulletDynamics.a";
			targetProxy = 2D9F362749220A8F5FFD0CB1 /* PBXContainerItemProxy */;
		};
		6CB3142E159A6D6266BA3E27 /* PBXTargetDependency */ = {
			isa = PBXTargetDependency;
			name = "libBulletCollision.a";
			targetProxy = 0CC0406332F378BF46BB2A7A /* PBXContainerItemProxy */;
		};
		0B6F489C0AF014A17D71374C /* PBXTargetDependency */ = {
			isa = PBXTargetDependency;
			name = "libLinearMath.a";
			targetProxy = 6CBE318148203DDD313342D2 /* PBXContainerItemProxy */;
		};
/* End PBXTargetDependency section */

/* Begin XCBuildConfiguration section */
		4BF96EDF17AB15F1345023D0 /* Release */ = {
			isa = XCBuildConfiguration;
			buildSettings = {
				ARCHS = "$(ARCHS_STANDARD_32_BIT) $(ARCHS_STANDARD_64_BIT)";
				VALID_ARCHS = "x86_64 i386";
				ALWAYS_SEARCH_USER_PATHS = NO;
				DEBUG_INFORMATION_FORMAT = "dwarf-with-dsym";
				CONFIGURATION_BUILD_DIR = "../../bin";
				GCC_DYNAMIC_NO_PIC = NO;
				GCC_MODEL_TUNING = G5;
				INSTALL_PATH = /usr/local/bin;
				PRODUCT_NAME = "Test_LinearMath_xcode4_x64_release";
			};
			name = "Release";
		};
		006A49A05FF3075849714D81 /* Debug */ = {
			isa = XCBuildConfiguration;
			buildSettings = {
				ARCHS = "$(ARCHS_STANDARD_32_BIT) $(ARCHS_STANDARD_64_BIT)";
				VALID_ARCHS = "x86_64 i386";
				ALWAYS_SEARCH_USER_PATHS = NO;
				CONFIGURATION_BUILD_DIR = "../../bin";
				GCC_DYNAMIC_NO_PIC = NO;
				GCC_MODEL_TUNING = G5;
				INSTALL_PATH = /usr/local/bin;
				PRODUCT_NAME = "Test_LinearMath_xcode4_x64_debug";
			};
			name = "Debug";
		};
		4C954EBC318A70EB11D93ED4 /* Release */ = {
			isa = XCBuildConfiguration;
			buildSettings = {
				ARCHS = "$(ARCHS_STANDARD_32_BIT) $(ARCHS_STANDARD_64_BIT)";
				VALID_ARCHS = "x86_64 i386";
				SDKROOT = macosx;
				ARCHS = "x86_64";
				CONFIGURATION_BUILD_DIR = "$(SYMROOT)";
				CONFIGURATION_TEMP_DIR = "$(OBJROOT)";
				GCC_C_LANGUAGE_STANDARD = gnu99;
				GCC_OPTIMIZATION_LEVEL = s;
				GCC_SYMBOLS_PRIVATE_EXTERN = NO;
				GCC_WARN_ABOUT_RETURN_TYPE = YES;
				GCC_WARN_UNUSED_VARIABLE = YES;
				HEADER_SEARCH_PATHS = (
					"../../src",
					"../../test/Bullet2/Source",
					"../../test/Bullet2/Source/Tests",
				);
				OBJROOT = "obj/x64/Release/Test_LinearMath";
				ONLY_ACTIVE_ARCH = NO;
				OTHER_CFLAGS = (
					"-ffast-math",
				);
				STANDARD_C_PLUS_PLUS_LIBRARY_TYPE = static;
				SYMROOT = "../../bin";
			};
			name = "Release";
		};
		76AB69575AA07DC926A53D3A /* Debug */ = {
			isa = XCBuildConfiguration;
			buildSettings = {
				ARCHS = "$(ARCHS_STANDARD_32_BIT) $(ARCHS_STANDARD_64_BIT)";
				VALID_ARCHS = "x86_64 i386";
				SDKROOT = macosx;
				ARCHS = "x86_64";
				CONFIGURATION_BUILD_DIR = "$(SYMROOT)";
				CONFIGURATION_TEMP_DIR = "$(OBJROOT)";
				COPY_PHASE_STRIP = NO;
				GCC_C_LANGUAGE_STANDARD = gnu99;
				GCC_OPTIMIZATION_LEVEL = 0;
				GCC_PREPROCESSOR_DEFINITIONS = (
					"_DEBUG=1",
				);
				GCC_SYMBOLS_PRIVATE_EXTERN = NO;
				GCC_WARN_ABOUT_RETURN_TYPE = YES;
				GCC_WARN_UNUSED_VARIABLE = YES;
				HEADER_SEARCH_PATHS = (
					"../../src",
					"../../test/Bullet2/Source",
					"../../test/Bullet2/Source/Tests",
				);
				OBJROOT = "obj/x64/Debug/Test_LinearMath";
				ONLY_ACTIVE_ARCH = YES;
				OTHER_CFLAGS = (
					"-ffast-math",
				);
				STANDARD_C_PLUS_PLUS_LIBRARY_TYPE = static;
				SYMROOT = "../../bin";
			};
			name = "Debug";
		};
/* End XCBuildConfiguration section */

/* Begin XCConfigurationList section */
		6E3158AE2B9D64BE19F532BB /* Build configuration list for PBXNativeTarget "Test_LinearMath_xcode4_x64_release" */ = {
			isa = XCConfigurationList;
			buildConfigurations = (
				4BF96EDF17AB15F1345023D0 /* Release */,
				006A49A05FF3075849714D81 /* Debug */,
			);
			defaultConfigurationIsVisible = 0;
			defaultConfigurationName = "Release";
		};
		1DEB928908733DD80010E9CD /* Build configuration list for PBXProject "Test_LinearMath" */ = {
			isa = XCConfigurationList;
			buildConfigurations = (
				4C954EBC318A70EB11D93ED4 /* Release */,
				76AB69575AA07DC926A53D3A /* Debug */,
			);
			defaultConfigurationIsVisible = 0;
			defaultConfigurationName = "Release";
		};
/* End XCConfigurationList section */

	};
	rootObject = 08FB7793FE84155DC02AAC07 /* Project object */;
}
